
Microsoft Visual Studio Solution File, Format Version 12.00
# Visual Studio 2012
Project("{FAE04EC0-301F-11D3-BF4B-00C04F79EFBC}") = "Xamarin.AsyncTests", "Xamarin.AsyncTests\Xamarin.AsyncTests.csproj", "{CE125B3F-AD36-4EDD-B3D5-4CDBE430924A}"
EndProject
Project("{FAE04EC0-301F-11D3-BF4B-00C04F79EFBC}") = "Xamarin.AsyncTests.Framework", "Xamarin.AsyncTests.Framework\Xamarin.AsyncTests.Framework.csproj", "{BEC2B807-EF3B-4013-B828-B3BB2AC1620D}"
EndProject
Project("{FAE04EC0-301F-11D3-BF4B-00C04F79EFBC}") = "Xamarin.AsyncTests.UI", "Xamarin.AsyncTests.UI\Xamarin.AsyncTests.UI.csproj", "{4A28C314-01ED-43DD-A08E-8EB842E25294}"
EndProject
Project("{FAE04EC0-301F-11D3-BF4B-00C04F79EFBC}") = "Xamarin.WebTests.Async.iOS", "Xamarin.WebTests.Async.iOS\Xamarin.WebTests.Async.iOS.csproj", "{A8971E61-10A6-42D5-8037-E1758C6F2900}"
EndProject
Project("{FAE04EC0-301F-11D3-BF4B-00C04F79EFBC}") = "Xamarin.WebTests.Async.Android", "Xamarin.WebTests.Async.Android\Xamarin.WebTests.Async.Android.csproj", "{72F57015-EA26-40A4-8126-25416FF7D965}"
EndProject
Project("{FAE04EC0-301F-11D3-BF4B-00C04F79EFBC}") = "Xamarin.WebTests", "Xamarin.WebTests\Xamarin.WebTests.csproj", "{E93E8622-665B-44D6-B36A-89C93B5B3532}"
EndProject
Project("{FAE04EC0-301F-11D3-BF4B-00C04F79EFBC}") = "Xamarin.AsyncTests.Server", "Xamarin.AsyncTests.Server\Xamarin.AsyncTests.Server.csproj", "{584654DF-6888-4B18-AB82-3C773CD45436}"
EndProject
Project("{FAE04EC0-301F-11D3-BF4B-00C04F79EFBC}") = "Xamarin.AsyncTests.Client", "Xamarin.AsyncTests.Client\Xamarin.AsyncTests.Client.csproj", "{8FA04E17-8E60-45C4-A9A7-51C5047CCABF}"
EndProject
Project("{FAE04EC0-301F-11D3-BF4B-00C04F79EFBC}") = "Xamarin.WebTests.Portable", "support\Xamarin.WebTests.Portable\Xamarin.WebTests.Portable.csproj", "{9A328159-EF48-4082-B8FA-FB4FC2E44B0C}"
EndProject
Project("{FAE04EC0-301F-11D3-BF4B-00C04F79EFBC}") = "Xamarin.WebTests.Portable.iOS", "support\Xamarin.WebTests.Portable.iOS\Xamarin.WebTests.Portable.iOS.csproj", "{395BDF74-B2E6-4CA4-9AB0-4DBD76258035}"
EndProject
Project("{FAE04EC0-301F-11D3-BF4B-00C04F79EFBC}") = "Xamarin.WebTests.Portable.Android", "support\Xamarin.WebTests.Portable.Android\Xamarin.WebTests.Portable.Android.csproj", "{378CBF56-1858-473E-8465-E10986F0D37C}"
EndProject
Project("{FAE04EC0-301F-11D3-BF4B-00C04F79EFBC}") = "Xamarin.WebTests.Portable.Console", "support\Xamarin.WebTests.Portable.Console\Xamarin.WebTests.Portable.Console.csproj", "{B4911C7D-196D-4B50-98FF-0BD6CABF60B4}"
EndProject
Global
	GlobalSection(SolutionConfigurationPlatforms) = preSolution
		Debug|Any CPU = Debug|Any CPU
		Release|Any CPU = Release|Any CPU
		Debug|iPhoneSimulator = Debug|iPhoneSimulator
		Release|iPhoneSimulator = Release|iPhoneSimulator
		Debug|iPhone = Debug|iPhone
		Release|iPhone = Release|iPhone
		Ad-Hoc|iPhone = Ad-Hoc|iPhone
		AppStore|iPhone = AppStore|iPhone
		Debug|x86 = Debug|x86
		Release|x86 = Release|x86
		Debug-Alpha|x86 = Debug-Alpha|x86
	EndGlobalSection
	GlobalSection(ProjectConfigurationPlatforms) = postSolution
		{378CBF56-1858-473E-8465-E10986F0D37C}.Ad-Hoc|iPhone.ActiveCfg = Release|Any CPU
		{378CBF56-1858-473E-8465-E10986F0D37C}.Ad-Hoc|iPhone.Build.0 = Release|Any CPU
		{378CBF56-1858-473E-8465-E10986F0D37C}.AppStore|iPhone.ActiveCfg = Release|Any CPU
		{378CBF56-1858-473E-8465-E10986F0D37C}.AppStore|iPhone.Build.0 = Release|Any CPU
		{378CBF56-1858-473E-8465-E10986F0D37C}.Debug|Any CPU.ActiveCfg = Debug|Any CPU
		{378CBF56-1858-473E-8465-E10986F0D37C}.Debug|Any CPU.Build.0 = Debug|Any CPU
		{378CBF56-1858-473E-8465-E10986F0D37C}.Debug|iPhone.ActiveCfg = Debug|Any CPU
		{378CBF56-1858-473E-8465-E10986F0D37C}.Debug|iPhone.Build.0 = Debug|Any CPU
		{378CBF56-1858-473E-8465-E10986F0D37C}.Debug|iPhoneSimulator.ActiveCfg = Debug|Any CPU
		{378CBF56-1858-473E-8465-E10986F0D37C}.Debug|iPhoneSimulator.Build.0 = Debug|Any CPU
		{378CBF56-1858-473E-8465-E10986F0D37C}.Debug|x86.ActiveCfg = Debug|Any CPU
		{378CBF56-1858-473E-8465-E10986F0D37C}.Debug|x86.Build.0 = Debug|Any CPU
		{378CBF56-1858-473E-8465-E10986F0D37C}.Debug-Alpha|x86.ActiveCfg = Debug|Any CPU
		{378CBF56-1858-473E-8465-E10986F0D37C}.Debug-Alpha|x86.Build.0 = Debug|Any CPU
		{378CBF56-1858-473E-8465-E10986F0D37C}.Release|Any CPU.ActiveCfg = Release|Any CPU
		{378CBF56-1858-473E-8465-E10986F0D37C}.Release|Any CPU.Build.0 = Release|Any CPU
		{378CBF56-1858-473E-8465-E10986F0D37C}.Release|iPhone.ActiveCfg = Release|Any CPU
		{378CBF56-1858-473E-8465-E10986F0D37C}.Release|iPhone.Build.0 = Release|Any CPU
		{378CBF56-1858-473E-8465-E10986F0D37C}.Release|iPhoneSimulator.ActiveCfg = Release|Any CPU
		{378CBF56-1858-473E-8465-E10986F0D37C}.Release|iPhoneSimulator.Build.0 = Release|Any CPU
		{378CBF56-1858-473E-8465-E10986F0D37C}.Release|x86.ActiveCfg = Release|Any CPU
		{378CBF56-1858-473E-8465-E10986F0D37C}.Release|x86.Build.0 = Release|Any CPU
		{395BDF74-B2E6-4CA4-9AB0-4DBD76258035}.Ad-Hoc|iPhone.ActiveCfg = Release|Any CPU
		{395BDF74-B2E6-4CA4-9AB0-4DBD76258035}.Ad-Hoc|iPhone.Build.0 = Release|Any CPU
		{395BDF74-B2E6-4CA4-9AB0-4DBD76258035}.AppStore|iPhone.ActiveCfg = Release|Any CPU
		{395BDF74-B2E6-4CA4-9AB0-4DBD76258035}.AppStore|iPhone.Build.0 = Release|Any CPU
		{395BDF74-B2E6-4CA4-9AB0-4DBD76258035}.Debug|Any CPU.ActiveCfg = Debug|Any CPU
		{395BDF74-B2E6-4CA4-9AB0-4DBD76258035}.Debug|Any CPU.Build.0 = Debug|Any CPU
		{395BDF74-B2E6-4CA4-9AB0-4DBD76258035}.Debug|iPhone.ActiveCfg = Debug|Any CPU
		{395BDF74-B2E6-4CA4-9AB0-4DBD76258035}.Debug|iPhone.Build.0 = Debug|Any CPU
		{395BDF74-B2E6-4CA4-9AB0-4DBD76258035}.Debug|iPhoneSimulator.ActiveCfg = Debug|Any CPU
		{395BDF74-B2E6-4CA4-9AB0-4DBD76258035}.Debug|iPhoneSimulator.Build.0 = Debug|Any CPU
		{395BDF74-B2E6-4CA4-9AB0-4DBD76258035}.Debug|x86.ActiveCfg = Debug|Any CPU
		{395BDF74-B2E6-4CA4-9AB0-4DBD76258035}.Debug|x86.Build.0 = Debug|Any CPU
		{395BDF74-B2E6-4CA4-9AB0-4DBD76258035}.Debug-Alpha|x86.ActiveCfg = Debug|Any CPU
		{395BDF74-B2E6-4CA4-9AB0-4DBD76258035}.Debug-Alpha|x86.Build.0 = Debug|Any CPU
		{395BDF74-B2E6-4CA4-9AB0-4DBD76258035}.Release|Any CPU.ActiveCfg = Release|Any CPU
		{395BDF74-B2E6-4CA4-9AB0-4DBD76258035}.Release|Any CPU.Build.0 = Release|Any CPU
		{395BDF74-B2E6-4CA4-9AB0-4DBD76258035}.Release|iPhone.ActiveCfg = Release|Any CPU
		{395BDF74-B2E6-4CA4-9AB0-4DBD76258035}.Release|iPhone.Build.0 = Release|Any CPU
		{395BDF74-B2E6-4CA4-9AB0-4DBD76258035}.Release|iPhoneSimulator.ActiveCfg = Release|Any CPU
		{395BDF74-B2E6-4CA4-9AB0-4DBD76258035}.Release|iPhoneSimulator.Build.0 = Release|Any CPU
		{395BDF74-B2E6-4CA4-9AB0-4DBD76258035}.Release|x86.ActiveCfg = Release|Any CPU
		{395BDF74-B2E6-4CA4-9AB0-4DBD76258035}.Release|x86.Build.0 = Release|Any CPU
		{4A28C314-01ED-43DD-A08E-8EB842E25294}.Ad-Hoc|iPhone.ActiveCfg = Debug|Any CPU
		{4A28C314-01ED-43DD-A08E-8EB842E25294}.Ad-Hoc|iPhone.Build.0 = Debug|Any CPU
		{4A28C314-01ED-43DD-A08E-8EB842E25294}.AppStore|iPhone.ActiveCfg = Debug|Any CPU
		{4A28C314-01ED-43DD-A08E-8EB842E25294}.AppStore|iPhone.Build.0 = Debug|Any CPU
		{4A28C314-01ED-43DD-A08E-8EB842E25294}.Debug|Any CPU.ActiveCfg = Debug|Any CPU
		{4A28C314-01ED-43DD-A08E-8EB842E25294}.Debug|Any CPU.Build.0 = Debug|Any CPU
		{4A28C314-01ED-43DD-A08E-8EB842E25294}.Debug|iPhone.ActiveCfg = Debug|Any CPU
		{4A28C314-01ED-43DD-A08E-8EB842E25294}.Debug|iPhone.Build.0 = Debug|Any CPU
		{4A28C314-01ED-43DD-A08E-8EB842E25294}.Debug|iPhoneSimulator.ActiveCfg = Debug|Any CPU
		{4A28C314-01ED-43DD-A08E-8EB842E25294}.Debug|iPhoneSimulator.Build.0 = Debug|Any CPU
		{4A28C314-01ED-43DD-A08E-8EB842E25294}.Debug|x86.ActiveCfg = Debug|Any CPU
		{4A28C314-01ED-43DD-A08E-8EB842E25294}.Debug|x86.Build.0 = Debug|Any CPU
		{4A28C314-01ED-43DD-A08E-8EB842E25294}.Debug-Alpha|x86.ActiveCfg = Debug|Any CPU
		{4A28C314-01ED-43DD-A08E-8EB842E25294}.Debug-Alpha|x86.Build.0 = Debug|Any CPU
		{4A28C314-01ED-43DD-A08E-8EB842E25294}.Release|Any CPU.ActiveCfg = Release|Any CPU
		{4A28C314-01ED-43DD-A08E-8EB842E25294}.Release|Any CPU.Build.0 = Release|Any CPU
		{4A28C314-01ED-43DD-A08E-8EB842E25294}.Release|iPhone.ActiveCfg = Release|Any CPU
		{4A28C314-01ED-43DD-A08E-8EB842E25294}.Release|iPhone.Build.0 = Release|Any CPU
		{4A28C314-01ED-43DD-A08E-8EB842E25294}.Release|iPhoneSimulator.ActiveCfg = Release|Any CPU
		{4A28C314-01ED-43DD-A08E-8EB842E25294}.Release|iPhoneSimulator.Build.0 = Release|Any CPU
		{4A28C314-01ED-43DD-A08E-8EB842E25294}.Release|x86.ActiveCfg = Release|Any CPU
		{4A28C314-01ED-43DD-A08E-8EB842E25294}.Release|x86.Build.0 = Release|Any CPU
		{584654DF-6888-4B18-AB82-3C773CD45436}.Ad-Hoc|iPhone.ActiveCfg = Release|Any CPU
		{584654DF-6888-4B18-AB82-3C773CD45436}.Ad-Hoc|iPhone.Build.0 = Release|Any CPU
		{584654DF-6888-4B18-AB82-3C773CD45436}.AppStore|iPhone.ActiveCfg = Release|Any CPU
		{584654DF-6888-4B18-AB82-3C773CD45436}.AppStore|iPhone.Build.0 = Release|Any CPU
		{584654DF-6888-4B18-AB82-3C773CD45436}.Debug|Any CPU.ActiveCfg = Debug|Any CPU
		{584654DF-6888-4B18-AB82-3C773CD45436}.Debug|Any CPU.Build.0 = Debug|Any CPU
		{584654DF-6888-4B18-AB82-3C773CD45436}.Debug|iPhone.ActiveCfg = Debug|Any CPU
		{584654DF-6888-4B18-AB82-3C773CD45436}.Debug|iPhone.Build.0 = Debug|Any CPU
		{584654DF-6888-4B18-AB82-3C773CD45436}.Debug|iPhoneSimulator.ActiveCfg = Debug|Any CPU
		{584654DF-6888-4B18-AB82-3C773CD45436}.Debug|iPhoneSimulator.Build.0 = Debug|Any CPU
		{584654DF-6888-4B18-AB82-3C773CD45436}.Debug|x86.ActiveCfg = Debug|Any CPU
		{584654DF-6888-4B18-AB82-3C773CD45436}.Debug|x86.Build.0 = Debug|Any CPU
		{584654DF-6888-4B18-AB82-3C773CD45436}.Debug-Alpha|x86.ActiveCfg = Debug|Any CPU
		{584654DF-6888-4B18-AB82-3C773CD45436}.Debug-Alpha|x86.Build.0 = Debug|Any CPU
		{584654DF-6888-4B18-AB82-3C773CD45436}.Release|Any CPU.ActiveCfg = Release|Any CPU
		{584654DF-6888-4B18-AB82-3C773CD45436}.Release|Any CPU.Build.0 = Release|Any CPU
		{584654DF-6888-4B18-AB82-3C773CD45436}.Release|iPhone.ActiveCfg = Release|Any CPU
		{584654DF-6888-4B18-AB82-3C773CD45436}.Release|iPhone.Build.0 = Release|Any CPU
		{584654DF-6888-4B18-AB82-3C773CD45436}.Release|iPhoneSimulator.ActiveCfg = Release|Any CPU
		{584654DF-6888-4B18-AB82-3C773CD45436}.Release|iPhoneSimulator.Build.0 = Release|Any CPU
		{584654DF-6888-4B18-AB82-3C773CD45436}.Release|x86.ActiveCfg = Release|Any CPU
		{584654DF-6888-4B18-AB82-3C773CD45436}.Release|x86.Build.0 = Release|Any CPU
		{72F57015-EA26-40A4-8126-25416FF7D965}.Ad-Hoc|iPhone.ActiveCfg = Release|Any CPU
		{72F57015-EA26-40A4-8126-25416FF7D965}.Ad-Hoc|iPhone.Build.0 = Release|Any CPU
		{72F57015-EA26-40A4-8126-25416FF7D965}.AppStore|iPhone.ActiveCfg = Release|Any CPU
		{72F57015-EA26-40A4-8126-25416FF7D965}.AppStore|iPhone.Build.0 = Release|Any CPU
		{72F57015-EA26-40A4-8126-25416FF7D965}.Debug|Any CPU.ActiveCfg = Debug|Any CPU
		{72F57015-EA26-40A4-8126-25416FF7D965}.Debug|Any CPU.Build.0 = Debug|Any CPU
		{72F57015-EA26-40A4-8126-25416FF7D965}.Debug|iPhone.ActiveCfg = Debug|Any CPU
		{72F57015-EA26-40A4-8126-25416FF7D965}.Debug|iPhone.Build.0 = Debug|Any CPU
		{72F57015-EA26-40A4-8126-25416FF7D965}.Debug|iPhoneSimulator.ActiveCfg = Debug|Any CPU
		{72F57015-EA26-40A4-8126-25416FF7D965}.Debug|iPhoneSimulator.Build.0 = Debug|Any CPU
		{72F57015-EA26-40A4-8126-25416FF7D965}.Debug|x86.ActiveCfg = Debug|Any CPU
		{72F57015-EA26-40A4-8126-25416FF7D965}.Debug|x86.Build.0 = Debug|Any CPU
		{72F57015-EA26-40A4-8126-25416FF7D965}.Debug-Alpha|x86.ActiveCfg = Debug|Any CPU
		{72F57015-EA26-40A4-8126-25416FF7D965}.Debug-Alpha|x86.Build.0 = Debug|Any CPU
		{72F57015-EA26-40A4-8126-25416FF7D965}.Release|Any CPU.ActiveCfg = Release|Any CPU
		{72F57015-EA26-40A4-8126-25416FF7D965}.Release|Any CPU.Build.0 = Release|Any CPU
		{72F57015-EA26-40A4-8126-25416FF7D965}.Release|iPhone.ActiveCfg = Release|Any CPU
		{72F57015-EA26-40A4-8126-25416FF7D965}.Release|iPhone.Build.0 = Release|Any CPU
		{72F57015-EA26-40A4-8126-25416FF7D965}.Release|iPhoneSimulator.ActiveCfg = Release|Any CPU
		{72F57015-EA26-40A4-8126-25416FF7D965}.Release|iPhoneSimulator.Build.0 = Release|Any CPU
		{72F57015-EA26-40A4-8126-25416FF7D965}.Release|x86.ActiveCfg = Release|Any CPU
		{72F57015-EA26-40A4-8126-25416FF7D965}.Release|x86.Build.0 = Release|Any CPU
		{8FA04E17-8E60-45C4-A9A7-51C5047CCABF}.Ad-Hoc|iPhone.ActiveCfg = Release|Any CPU
		{8FA04E17-8E60-45C4-A9A7-51C5047CCABF}.Ad-Hoc|iPhone.Build.0 = Release|Any CPU
		{8FA04E17-8E60-45C4-A9A7-51C5047CCABF}.AppStore|iPhone.ActiveCfg = Release|Any CPU
		{8FA04E17-8E60-45C4-A9A7-51C5047CCABF}.AppStore|iPhone.Build.0 = Release|Any CPU
		{8FA04E17-8E60-45C4-A9A7-51C5047CCABF}.Debug|Any CPU.ActiveCfg = Debug|Any CPU
		{8FA04E17-8E60-45C4-A9A7-51C5047CCABF}.Debug|Any CPU.Build.0 = Debug|Any CPU
		{8FA04E17-8E60-45C4-A9A7-51C5047CCABF}.Debug|iPhone.ActiveCfg = Debug|Any CPU
		{8FA04E17-8E60-45C4-A9A7-51C5047CCABF}.Debug|iPhone.Build.0 = Debug|Any CPU
		{8FA04E17-8E60-45C4-A9A7-51C5047CCABF}.Debug|iPhoneSimulator.ActiveCfg = Debug|Any CPU
		{8FA04E17-8E60-45C4-A9A7-51C5047CCABF}.Debug|iPhoneSimulator.Build.0 = Debug|Any CPU
		{8FA04E17-8E60-45C4-A9A7-51C5047CCABF}.Debug|x86.ActiveCfg = Debug|Any CPU
		{8FA04E17-8E60-45C4-A9A7-51C5047CCABF}.Debug|x86.Build.0 = Debug|Any CPU
		{8FA04E17-8E60-45C4-A9A7-51C5047CCABF}.Debug-Alpha|x86.ActiveCfg = Debug|Any CPU
		{8FA04E17-8E60-45C4-A9A7-51C5047CCABF}.Debug-Alpha|x86.Build.0 = Debug|Any CPU
		{8FA04E17-8E60-45C4-A9A7-51C5047CCABF}.Release|Any CPU.ActiveCfg = Release|Any CPU
		{8FA04E17-8E60-45C4-A9A7-51C5047CCABF}.Release|Any CPU.Build.0 = Release|Any CPU
		{8FA04E17-8E60-45C4-A9A7-51C5047CCABF}.Release|iPhone.ActiveCfg = Release|Any CPU
		{8FA04E17-8E60-45C4-A9A7-51C5047CCABF}.Release|iPhone.Build.0 = Release|Any CPU
		{8FA04E17-8E60-45C4-A9A7-51C5047CCABF}.Release|iPhoneSimulator.ActiveCfg = Release|Any CPU
		{8FA04E17-8E60-45C4-A9A7-51C5047CCABF}.Release|iPhoneSimulator.Build.0 = Release|Any CPU
		{8FA04E17-8E60-45C4-A9A7-51C5047CCABF}.Release|x86.ActiveCfg = Release|Any CPU
		{8FA04E17-8E60-45C4-A9A7-51C5047CCABF}.Release|x86.Build.0 = Release|Any CPU
		{9A328159-EF48-4082-B8FA-FB4FC2E44B0C}.Ad-Hoc|iPhone.ActiveCfg = Release|Any CPU
		{9A328159-EF48-4082-B8FA-FB4FC2E44B0C}.Ad-Hoc|iPhone.Build.0 = Release|Any CPU
		{9A328159-EF48-4082-B8FA-FB4FC2E44B0C}.AppStore|iPhone.ActiveCfg = Release|Any CPU
		{9A328159-EF48-4082-B8FA-FB4FC2E44B0C}.AppStore|iPhone.Build.0 = Release|Any CPU
		{9A328159-EF48-4082-B8FA-FB4FC2E44B0C}.Debug|Any CPU.ActiveCfg = Debug|Any CPU
		{9A328159-EF48-4082-B8FA-FB4FC2E44B0C}.Debug|Any CPU.Build.0 = Debug|Any CPU
		{9A328159-EF48-4082-B8FA-FB4FC2E44B0C}.Debug|iPhone.ActiveCfg = Debug|Any CPU
		{9A328159-EF48-4082-B8FA-FB4FC2E44B0C}.Debug|iPhone.Build.0 = Debug|Any CPU
		{9A328159-EF48-4082-B8FA-FB4FC2E44B0C}.Debug|iPhoneSimulator.ActiveCfg = Debug|Any CPU
		{9A328159-EF48-4082-B8FA-FB4FC2E44B0C}.Debug|iPhoneSimulator.Build.0 = Debug|Any CPU
		{9A328159-EF48-4082-B8FA-FB4FC2E44B0C}.Debug|x86.ActiveCfg = Debug|Any CPU
		{9A328159-EF48-4082-B8FA-FB4FC2E44B0C}.Debug|x86.Build.0 = Debug|Any CPU
		{9A328159-EF48-4082-B8FA-FB4FC2E44B0C}.Debug-Alpha|x86.ActiveCfg = Debug|Any CPU
		{9A328159-EF48-4082-B8FA-FB4FC2E44B0C}.Debug-Alpha|x86.Build.0 = Debug|Any CPU
		{9A328159-EF48-4082-B8FA-FB4FC2E44B0C}.Release|Any CPU.ActiveCfg = Release|Any CPU
		{9A328159-EF48-4082-B8FA-FB4FC2E44B0C}.Release|Any CPU.Build.0 = Release|Any CPU
		{9A328159-EF48-4082-B8FA-FB4FC2E44B0C}.Release|iPhone.ActiveCfg = Release|Any CPU
		{9A328159-EF48-4082-B8FA-FB4FC2E44B0C}.Release|iPhone.Build.0 = Release|Any CPU
		{9A328159-EF48-4082-B8FA-FB4FC2E44B0C}.Release|iPhoneSimulator.ActiveCfg = Release|Any CPU
		{9A328159-EF48-4082-B8FA-FB4FC2E44B0C}.Release|iPhoneSimulator.Build.0 = Release|Any CPU
		{9A328159-EF48-4082-B8FA-FB4FC2E44B0C}.Release|x86.ActiveCfg = Release|Any CPU
		{9A328159-EF48-4082-B8FA-FB4FC2E44B0C}.Release|x86.Build.0 = Release|Any CPU
		{A8971E61-10A6-42D5-8037-E1758C6F2900}.Ad-Hoc|iPhone.ActiveCfg = Ad-Hoc|iPhone
		{A8971E61-10A6-42D5-8037-E1758C6F2900}.Ad-Hoc|iPhone.Build.0 = Ad-Hoc|iPhone
		{A8971E61-10A6-42D5-8037-E1758C6F2900}.AppStore|iPhone.ActiveCfg = AppStore|iPhone
		{A8971E61-10A6-42D5-8037-E1758C6F2900}.AppStore|iPhone.Build.0 = AppStore|iPhone
		{A8971E61-10A6-42D5-8037-E1758C6F2900}.Debug|Any CPU.ActiveCfg = Debug|iPhoneSimulator
		{A8971E61-10A6-42D5-8037-E1758C6F2900}.Debug|Any CPU.Build.0 = Debug|iPhoneSimulator
		{A8971E61-10A6-42D5-8037-E1758C6F2900}.Debug|iPhone.ActiveCfg = Debug|iPhone
		{A8971E61-10A6-42D5-8037-E1758C6F2900}.Debug|iPhone.Build.0 = Debug|iPhone
		{A8971E61-10A6-42D5-8037-E1758C6F2900}.Debug|iPhoneSimulator.ActiveCfg = Debug|iPhoneSimulator
		{A8971E61-10A6-42D5-8037-E1758C6F2900}.Debug|iPhoneSimulator.Build.0 = Debug|iPhoneSimulator
		{A8971E61-10A6-42D5-8037-E1758C6F2900}.Debug|x86.ActiveCfg = Debug|iPhoneSimulator
		{A8971E61-10A6-42D5-8037-E1758C6F2900}.Debug|x86.Build.0 = Debug|iPhoneSimulator
		{A8971E61-10A6-42D5-8037-E1758C6F2900}.Debug-Alpha|x86.ActiveCfg = Debug|iPhoneSimulator
		{A8971E61-10A6-42D5-8037-E1758C6F2900}.Debug-Alpha|x86.Build.0 = Debug|iPhoneSimulator
		{A8971E61-10A6-42D5-8037-E1758C6F2900}.Release|Any CPU.ActiveCfg = Release|iPhoneSimulator
		{A8971E61-10A6-42D5-8037-E1758C6F2900}.Release|Any CPU.Build.0 = Release|iPhoneSimulator
		{A8971E61-10A6-42D5-8037-E1758C6F2900}.Release|iPhone.ActiveCfg = Release|iPhone
		{A8971E61-10A6-42D5-8037-E1758C6F2900}.Release|iPhone.Build.0 = Release|iPhone
		{A8971E61-10A6-42D5-8037-E1758C6F2900}.Release|iPhoneSimulator.ActiveCfg = Release|iPhoneSimulator
		{A8971E61-10A6-42D5-8037-E1758C6F2900}.Release|iPhoneSimulator.Build.0 = Release|iPhoneSimulator
		{A8971E61-10A6-42D5-8037-E1758C6F2900}.Release|x86.ActiveCfg = Release|iPhoneSimulator
		{A8971E61-10A6-42D5-8037-E1758C6F2900}.Release|x86.Build.0 = Release|iPhoneSimulator
		{B4911C7D-196D-4B50-98FF-0BD6CABF60B4}.Ad-Hoc|iPhone.ActiveCfg = Release|Any CPU
		{B4911C7D-196D-4B50-98FF-0BD6CABF60B4}.Ad-Hoc|iPhone.Build.0 = Release|Any CPU
		{B4911C7D-196D-4B50-98FF-0BD6CABF60B4}.AppStore|iPhone.ActiveCfg = Release|Any CPU
		{B4911C7D-196D-4B50-98FF-0BD6CABF60B4}.AppStore|iPhone.Build.0 = Release|Any CPU
		{B4911C7D-196D-4B50-98FF-0BD6CABF60B4}.Debug|Any CPU.ActiveCfg = Debug|Any CPU
		{B4911C7D-196D-4B50-98FF-0BD6CABF60B4}.Debug|Any CPU.Build.0 = Debug|Any CPU
		{B4911C7D-196D-4B50-98FF-0BD6CABF60B4}.Debug|iPhone.ActiveCfg = Debug|Any CPU
		{B4911C7D-196D-4B50-98FF-0BD6CABF60B4}.Debug|iPhone.Build.0 = Debug|Any CPU
		{B4911C7D-196D-4B50-98FF-0BD6CABF60B4}.Debug|iPhoneSimulator.ActiveCfg = Debug|Any CPU
		{B4911C7D-196D-4B50-98FF-0BD6CABF60B4}.Debug|iPhoneSimulator.Build.0 = Debug|Any CPU
		{B4911C7D-196D-4B50-98FF-0BD6CABF60B4}.Debug|x86.ActiveCfg = Debug|Any CPU
		{B4911C7D-196D-4B50-98FF-0BD6CABF60B4}.Debug|x86.Build.0 = Debug|Any CPU
		{B4911C7D-196D-4B50-98FF-0BD6CABF60B4}.Debug-Alpha|x86.ActiveCfg = Debug|Any CPU
		{B4911C7D-196D-4B50-98FF-0BD6CABF60B4}.Debug-Alpha|x86.Build.0 = Debug|Any CPU
		{B4911C7D-196D-4B50-98FF-0BD6CABF60B4}.Release|Any CPU.ActiveCfg = Release|Any CPU
		{B4911C7D-196D-4B50-98FF-0BD6CABF60B4}.Release|Any CPU.Build.0 = Release|Any CPU
		{B4911C7D-196D-4B50-98FF-0BD6CABF60B4}.Release|iPhone.ActiveCfg = Release|Any CPU
		{B4911C7D-196D-4B50-98FF-0BD6CABF60B4}.Release|iPhone.Build.0 = Release|Any CPU
		{B4911C7D-196D-4B50-98FF-0BD6CABF60B4}.Release|iPhoneSimulator.ActiveCfg = Release|Any CPU
		{B4911C7D-196D-4B50-98FF-0BD6CABF60B4}.Release|iPhoneSimulator.Build.0 = Release|Any CPU
		{B4911C7D-196D-4B50-98FF-0BD6CABF60B4}.Release|x86.ActiveCfg = Release|Any CPU
		{B4911C7D-196D-4B50-98FF-0BD6CABF60B4}.Release|x86.Build.0 = Release|Any CPU
		{BEC2B807-EF3B-4013-B828-B3BB2AC1620D}.Ad-Hoc|iPhone.ActiveCfg = Debug|Any CPU
		{BEC2B807-EF3B-4013-B828-B3BB2AC1620D}.Ad-Hoc|iPhone.Build.0 = Debug|Any CPU
		{BEC2B807-EF3B-4013-B828-B3BB2AC1620D}.AppStore|iPhone.ActiveCfg = Debug|Any CPU
		{BEC2B807-EF3B-4013-B828-B3BB2AC1620D}.AppStore|iPhone.Build.0 = Debug|Any CPU
		{BEC2B807-EF3B-4013-B828-B3BB2AC1620D}.Debug|Any CPU.ActiveCfg = Debug|Any CPU
		{BEC2B807-EF3B-4013-B828-B3BB2AC1620D}.Debug|Any CPU.Build.0 = Debug|Any CPU
		{BEC2B807-EF3B-4013-B828-B3BB2AC1620D}.Debug|iPhone.ActiveCfg = Debug|Any CPU
		{BEC2B807-EF3B-4013-B828-B3BB2AC1620D}.Debug|iPhone.Build.0 = Debug|Any CPU
		{BEC2B807-EF3B-4013-B828-B3BB2AC1620D}.Debug|iPhoneSimulator.ActiveCfg = Debug|Any CPU
		{BEC2B807-EF3B-4013-B828-B3BB2AC1620D}.Debug|iPhoneSimulator.Build.0 = Debug|Any CPU
		{BEC2B807-EF3B-4013-B828-B3BB2AC1620D}.Debug|x86.ActiveCfg = Debug|Any CPU
		{BEC2B807-EF3B-4013-B828-B3BB2AC1620D}.Debug|x86.Build.0 = Debug|Any CPU
		{BEC2B807-EF3B-4013-B828-B3BB2AC1620D}.Debug-Alpha|x86.ActiveCfg = Debug|Any CPU
		{BEC2B807-EF3B-4013-B828-B3BB2AC1620D}.Debug-Alpha|x86.Build.0 = Debug|Any CPU
		{BEC2B807-EF3B-4013-B828-B3BB2AC1620D}.Release|Any CPU.ActiveCfg = Debug|Any CPU
		{BEC2B807-EF3B-4013-B828-B3BB2AC1620D}.Release|Any CPU.Build.0 = Debug|Any CPU
		{BEC2B807-EF3B-4013-B828-B3BB2AC1620D}.Release|iPhone.ActiveCfg = Debug|Any CPU
		{BEC2B807-EF3B-4013-B828-B3BB2AC1620D}.Release|iPhone.Build.0 = Debug|Any CPU
		{BEC2B807-EF3B-4013-B828-B3BB2AC1620D}.Release|iPhoneSimulator.ActiveCfg = Debug|Any CPU
		{BEC2B807-EF3B-4013-B828-B3BB2AC1620D}.Release|iPhoneSimulator.Build.0 = Debug|Any CPU
		{BEC2B807-EF3B-4013-B828-B3BB2AC1620D}.Release|x86.ActiveCfg = Debug|Any CPU
		{BEC2B807-EF3B-4013-B828-B3BB2AC1620D}.Release|x86.Build.0 = Debug|Any CPU
		{CE125B3F-AD36-4EDD-B3D5-4CDBE430924A}.Ad-Hoc|iPhone.ActiveCfg = Debug|Any CPU
		{CE125B3F-AD36-4EDD-B3D5-4CDBE430924A}.Ad-Hoc|iPhone.Build.0 = Debug|Any CPU
		{CE125B3F-AD36-4EDD-B3D5-4CDBE430924A}.AppStore|iPhone.ActiveCfg = Debug|Any CPU
		{CE125B3F-AD36-4EDD-B3D5-4CDBE430924A}.AppStore|iPhone.Build.0 = Debug|Any CPU
		{CE125B3F-AD36-4EDD-B3D5-4CDBE430924A}.Debug|Any CPU.ActiveCfg = Debug|Any CPU
		{CE125B3F-AD36-4EDD-B3D5-4CDBE430924A}.Debug|Any CPU.Build.0 = Debug|Any CPU
		{CE125B3F-AD36-4EDD-B3D5-4CDBE430924A}.Debug|iPhone.ActiveCfg = Debug|Any CPU
		{CE125B3F-AD36-4EDD-B3D5-4CDBE430924A}.Debug|iPhone.Build.0 = Debug|Any CPU
		{CE125B3F-AD36-4EDD-B3D5-4CDBE430924A}.Debug|iPhoneSimulator.ActiveCfg = Debug|Any CPU
		{CE125B3F-AD36-4EDD-B3D5-4CDBE430924A}.Debug|iPhoneSimulator.Build.0 = Debug|Any CPU
		{CE125B3F-AD36-4EDD-B3D5-4CDBE430924A}.Debug|x86.ActiveCfg = Debug|Any CPU
		{CE125B3F-AD36-4EDD-B3D5-4CDBE430924A}.Debug|x86.Build.0 = Debug|Any CPU
		{CE125B3F-AD36-4EDD-B3D5-4CDBE430924A}.Debug-Alpha|x86.ActiveCfg = Debug|Any CPU
		{CE125B3F-AD36-4EDD-B3D5-4CDBE430924A}.Debug-Alpha|x86.Build.0 = Debug|Any CPU
		{CE125B3F-AD36-4EDD-B3D5-4CDBE430924A}.Release|Any CPU.ActiveCfg = Release|Any CPU
		{CE125B3F-AD36-4EDD-B3D5-4CDBE430924A}.Release|Any CPU.Build.0 = Release|Any CPU
		{CE125B3F-AD36-4EDD-B3D5-4CDBE430924A}.Release|iPhone.ActiveCfg = Release|Any CPU
		{CE125B3F-AD36-4EDD-B3D5-4CDBE430924A}.Release|iPhone.Build.0 = Release|Any CPU
		{CE125B3F-AD36-4EDD-B3D5-4CDBE430924A}.Release|iPhoneSimulator.ActiveCfg = Release|Any CPU
		{CE125B3F-AD36-4EDD-B3D5-4CDBE430924A}.Release|iPhoneSimulator.Build.0 = Release|Any CPU
		{CE125B3F-AD36-4EDD-B3D5-4CDBE430924A}.Release|x86.ActiveCfg = Release|Any CPU
		{CE125B3F-AD36-4EDD-B3D5-4CDBE430924A}.Release|x86.Build.0 = Release|Any CPU
		{E93E8622-665B-44D6-B36A-89C93B5B3532}.Ad-Hoc|iPhone.ActiveCfg = Debug|x86
		{E93E8622-665B-44D6-B36A-89C93B5B3532}.Ad-Hoc|iPhone.Build.0 = Debug|x86
		{E93E8622-665B-44D6-B36A-89C93B5B3532}.AppStore|iPhone.ActiveCfg = Debug|x86
		{E93E8622-665B-44D6-B36A-89C93B5B3532}.AppStore|iPhone.Build.0 = Debug|x86
		{E93E8622-665B-44D6-B36A-89C93B5B3532}.Debug|Any CPU.ActiveCfg = Debug|Any CPU
		{E93E8622-665B-44D6-B36A-89C93B5B3532}.Debug|Any CPU.Build.0 = Debug|Any CPU
		{E93E8622-665B-44D6-B36A-89C93B5B3532}.Debug|iPhone.ActiveCfg = Debug|x86
		{E93E8622-665B-44D6-B36A-89C93B5B3532}.Debug|iPhone.Build.0 = Debug|x86
		{E93E8622-665B-44D6-B36A-89C93B5B3532}.Debug|iPhoneSimulator.ActiveCfg = Debug|x86
		{E93E8622-665B-44D6-B36A-89C93B5B3532}.Debug|iPhoneSimulator.Build.0 = Debug|x86
		{E93E8622-665B-44D6-B36A-89C93B5B3532}.Debug|x86.ActiveCfg = Debug|x86
		{E93E8622-665B-44D6-B36A-89C93B5B3532}.Debug|x86.Build.0 = Debug|x86
		{E93E8622-665B-44D6-B36A-89C93B5B3532}.Debug-Alpha|x86.ActiveCfg = Debug-Alpha|x86
		{E93E8622-665B-44D6-B36A-89C93B5B3532}.Debug-Alpha|x86.Build.0 = Debug-Alpha|x86
		{E93E8622-665B-44D6-B36A-89C93B5B3532}.Release|Any CPU.ActiveCfg = Release|x86
		{E93E8622-665B-44D6-B36A-89C93B5B3532}.Release|Any CPU.Build.0 = Release|x86
		{E93E8622-665B-44D6-B36A-89C93B5B3532}.Release|iPhone.ActiveCfg = Release|x86
		{E93E8622-665B-44D6-B36A-89C93B5B3532}.Release|iPhone.Build.0 = Release|x86
		{E93E8622-665B-44D6-B36A-89C93B5B3532}.Release|iPhoneSimulator.ActiveCfg = Release|x86
		{E93E8622-665B-44D6-B36A-89C93B5B3532}.Release|iPhoneSimulator.Build.0 = Release|x86
		{E93E8622-665B-44D6-B36A-89C93B5B3532}.Release|x86.ActiveCfg = Release|x86
		{E93E8622-665B-44D6-B36A-89C93B5B3532}.Release|x86.Build.0 = Release|x86
	EndGlobalSection
	GlobalSection(MonoDevelopProperties) = preSolution
		StartupItem = Xamarin.WebTests.Async.iOS\Xamarin.WebTests.Async.iOS.csproj
	EndGlobalSection
EndGlobal
