
Microsoft Visual Studio Solution File, Format Version 12.00
# Visual Studio 2012
Project("{FAE04EC0-301F-11D3-BF4B-00C04F79EFBC}") = "Xamarin.AsyncTests", "Xamarin.AsyncTests\Xamarin.AsyncTests.csproj", "{CE125B3F-AD36-4EDD-B3D5-4CDBE430924A}"
EndProject
Project("{FAE04EC0-301F-11D3-BF4B-00C04F79EFBC}") = "Xamarin.AsyncTests.Framework", "Xamarin.AsyncTests.Framework\Xamarin.AsyncTests.Framework.csproj", "{BEC2B807-EF3B-4013-B828-B3BB2AC1620D}"
EndProject
Project("{FAE04EC0-301F-11D3-BF4B-00C04F79EFBC}") = "Xamarin.WebTests", "Xamarin.WebTests\Xamarin.WebTests.csproj", "{E93E8622-665B-44D6-B36A-89C93B5B3532}"
EndProject
Project("{FAE04EC0-301F-11D3-BF4B-00C04F79EFBC}") = "Xamarin.AsyncTests.Console", "Xamarin.AsyncTests.Console\Xamarin.AsyncTests.Console.csproj", "{8FA04E17-8E60-45C4-A9A7-51C5047CCABF}"
EndProject
Project("{D954291E-2A0B-460D-934E-DC6B0785DB48}") = "Xamarin.AsyncTests.PortableImpl", "Xamarin.AsyncTests.PortableImpl\Xamarin.AsyncTests.PortableImpl.shproj", "{4D53941A-ABBE-4B89-A362-C56F7BC0B20A}"
EndProject
Project("{FAE04EC0-301F-11D3-BF4B-00C04F79EFBC}") = "Xamarin.WebTests.Console", "Console\Xamarin.WebTests.Console\Xamarin.WebTests.Console.csproj", "{6EB79B58-50EA-4196-8F1F-344679E4078A}"
EndProject
Project("{FAE04EC0-301F-11D3-BF4B-00C04F79EFBC}") = "Xamarin.WebTests.Framework", "Xamarin.WebTests.Framework\Xamarin.WebTests.Framework.csproj", "{85371459-6509-4D96-A95D-862399E0F0BE}"
EndProject
Project("{D954291E-2A0B-460D-934E-DC6B0785DB48}") = "Xamarin.WebTests.TestProvider", "Xamarin.WebTests.TestProvider\Xamarin.WebTests.TestProvider.shproj", "{D578985A-B8C0-4083-8F3E-1AE2B680E85B}"
EndProject
Project("{FAE04EC0-301F-11D3-BF4B-00C04F79EFBC}") = "Xamarin.WebTests.PortableSecurity.Console", "Console\Xamarin.WebTests.PortableSecurity.Console\Xamarin.WebTests.PortableSecurity.Console.csproj", "{926ED252-2819-43C0-A534-F662F4E4F87B}"
EndProject
Project("{FAE04EC0-301F-11D3-BF4B-00C04F79EFBC}") = "Xamarin.WebTests.TestProvider.Console", "Console\Xamarin.WebTests.TestProvider.Console\Xamarin.WebTests.TestProvider.Console.csproj", "{142D593E-5162-4C41-94CD-9656052F58EC}"
EndProject
Project("{FAE04EC0-301F-11D3-BF4B-00C04F79EFBC}") = "Xamarin.WebTests.MonoFramework", "Xamarin.WebTests.MonoFramework\Xamarin.WebTests.MonoFramework.csproj", "{B8CB90A7-E1E9-4104-8E9E-3954FC5FC0FC}"
EndProject
Project("{FAE04EC0-301F-11D3-BF4B-00C04F79EFBC}") = "Mono.Security.Interface", "Console\Mono.Security.Interface\Mono.Security.Interface.csproj", "{26D9F399-1FD5-4796-AE59-E42D0FBA0EF2}"
EndProject
Project("{FAE04EC0-301F-11D3-BF4B-00C04F79EFBC}") = "Xamarin.WebTests.MonoTests", "Xamarin.WebTests.MonoTests\Xamarin.WebTests.MonoTests.csproj", "{68C3567C-A1C1-4A0A-94E9-60BA4BD5CC39}"
EndProject
Global
	GlobalSection(SolutionConfigurationPlatforms) = preSolution
		Debug|Any CPU = Debug|Any CPU
		Release|Any CPU = Release|Any CPU
		Console|Any CPU = Console|Any CPU
		DebugFull|Any CPU = DebugFull|Any CPU
		Debug|iPhoneSimulator = Debug|iPhoneSimulator
		Release|iPhoneSimulator = Release|iPhoneSimulator
		Debug|iPhone = Debug|iPhone
		Release|iPhone = Release|iPhone
		DebugNewTls|Any CPU = DebugNewTls|Any CPU
		ReleaseNewTls|Any CPU = ReleaseNewTls|Any CPU
	EndGlobalSection
	GlobalSection(ProjectConfigurationPlatforms) = postSolution
		{142D593E-5162-4C41-94CD-9656052F58EC}.Console|Any CPU.ActiveCfg = Debug|Any CPU
		{142D593E-5162-4C41-94CD-9656052F58EC}.Console|Any CPU.Build.0 = Debug|Any CPU
		{142D593E-5162-4C41-94CD-9656052F58EC}.Debug|Any CPU.ActiveCfg = Debug|Any CPU
		{142D593E-5162-4C41-94CD-9656052F58EC}.Debug|Any CPU.Build.0 = Debug|Any CPU
		{142D593E-5162-4C41-94CD-9656052F58EC}.Debug|iPhone.ActiveCfg = Debug|Any CPU
		{142D593E-5162-4C41-94CD-9656052F58EC}.Debug|iPhone.Build.0 = Debug|Any CPU
		{142D593E-5162-4C41-94CD-9656052F58EC}.Debug|iPhoneSimulator.ActiveCfg = Debug|Any CPU
		{142D593E-5162-4C41-94CD-9656052F58EC}.Debug|iPhoneSimulator.Build.0 = Debug|Any CPU
		{142D593E-5162-4C41-94CD-9656052F58EC}.DebugFull|Any CPU.ActiveCfg = Debug|Any CPU
		{142D593E-5162-4C41-94CD-9656052F58EC}.DebugFull|Any CPU.Build.0 = Debug|Any CPU
		{142D593E-5162-4C41-94CD-9656052F58EC}.DebugNewTls|Any CPU.ActiveCfg = Debug|Any CPU
		{142D593E-5162-4C41-94CD-9656052F58EC}.DebugNewTls|Any CPU.Build.0 = Debug|Any CPU
		{142D593E-5162-4C41-94CD-9656052F58EC}.Release|Any CPU.ActiveCfg = Release|Any CPU
		{142D593E-5162-4C41-94CD-9656052F58EC}.Release|Any CPU.Build.0 = Release|Any CPU
		{142D593E-5162-4C41-94CD-9656052F58EC}.Release|iPhone.ActiveCfg = Release|Any CPU
		{142D593E-5162-4C41-94CD-9656052F58EC}.Release|iPhone.Build.0 = Release|Any CPU
		{142D593E-5162-4C41-94CD-9656052F58EC}.Release|iPhoneSimulator.ActiveCfg = Release|Any CPU
		{142D593E-5162-4C41-94CD-9656052F58EC}.Release|iPhoneSimulator.Build.0 = Release|Any CPU
		{142D593E-5162-4C41-94CD-9656052F58EC}.ReleaseNewTls|Any CPU.ActiveCfg = Debug|Any CPU
		{142D593E-5162-4C41-94CD-9656052F58EC}.ReleaseNewTls|Any CPU.Build.0 = Debug|Any CPU
		{26D9F399-1FD5-4796-AE59-E42D0FBA0EF2}.Console|Any CPU.ActiveCfg = Debug|Any CPU
		{26D9F399-1FD5-4796-AE59-E42D0FBA0EF2}.Console|Any CPU.Build.0 = Debug|Any CPU
		{26D9F399-1FD5-4796-AE59-E42D0FBA0EF2}.Debug|Any CPU.ActiveCfg = Debug|Any CPU
		{26D9F399-1FD5-4796-AE59-E42D0FBA0EF2}.Debug|Any CPU.Build.0 = Debug|Any CPU
		{26D9F399-1FD5-4796-AE59-E42D0FBA0EF2}.Debug|iPhone.ActiveCfg = Debug|Any CPU
		{26D9F399-1FD5-4796-AE59-E42D0FBA0EF2}.Debug|iPhone.Build.0 = Debug|Any CPU
		{26D9F399-1FD5-4796-AE59-E42D0FBA0EF2}.Debug|iPhoneSimulator.ActiveCfg = Debug|Any CPU
		{26D9F399-1FD5-4796-AE59-E42D0FBA0EF2}.Debug|iPhoneSimulator.Build.0 = Debug|Any CPU
		{26D9F399-1FD5-4796-AE59-E42D0FBA0EF2}.DebugFull|Any CPU.ActiveCfg = Debug|Any CPU
		{26D9F399-1FD5-4796-AE59-E42D0FBA0EF2}.DebugFull|Any CPU.Build.0 = Debug|Any CPU
		{26D9F399-1FD5-4796-AE59-E42D0FBA0EF2}.DebugNewTls|Any CPU.ActiveCfg = DebugNewTls|Any CPU
		{26D9F399-1FD5-4796-AE59-E42D0FBA0EF2}.DebugNewTls|Any CPU.Build.0 = DebugNewTls|Any CPU
		{26D9F399-1FD5-4796-AE59-E42D0FBA0EF2}.Release|Any CPU.ActiveCfg = Release|Any CPU
		{26D9F399-1FD5-4796-AE59-E42D0FBA0EF2}.Release|Any CPU.Build.0 = Release|Any CPU
		{26D9F399-1FD5-4796-AE59-E42D0FBA0EF2}.Release|iPhone.ActiveCfg = Release|Any CPU
		{26D9F399-1FD5-4796-AE59-E42D0FBA0EF2}.Release|iPhone.Build.0 = Release|Any CPU
		{26D9F399-1FD5-4796-AE59-E42D0FBA0EF2}.Release|iPhoneSimulator.ActiveCfg = Release|Any CPU
		{26D9F399-1FD5-4796-AE59-E42D0FBA0EF2}.Release|iPhoneSimulator.Build.0 = Release|Any CPU
		{26D9F399-1FD5-4796-AE59-E42D0FBA0EF2}.ReleaseNewTls|Any CPU.ActiveCfg = ReleaseNewTls|Any CPU
		{26D9F399-1FD5-4796-AE59-E42D0FBA0EF2}.ReleaseNewTls|Any CPU.Build.0 = ReleaseNewTls|Any CPU
		{68C3567C-A1C1-4A0A-94E9-60BA4BD5CC39}.Console|Any CPU.ActiveCfg = Debug|Any CPU
		{68C3567C-A1C1-4A0A-94E9-60BA4BD5CC39}.Console|Any CPU.Build.0 = Debug|Any CPU
		{68C3567C-A1C1-4A0A-94E9-60BA4BD5CC39}.Debug|Any CPU.ActiveCfg = Debug|Any CPU
		{68C3567C-A1C1-4A0A-94E9-60BA4BD5CC39}.Debug|Any CPU.Build.0 = Debug|Any CPU
		{68C3567C-A1C1-4A0A-94E9-60BA4BD5CC39}.Debug|iPhone.ActiveCfg = Debug|Any CPU
		{68C3567C-A1C1-4A0A-94E9-60BA4BD5CC39}.Debug|iPhone.Build.0 = Debug|Any CPU
		{68C3567C-A1C1-4A0A-94E9-60BA4BD5CC39}.Debug|iPhoneSimulator.ActiveCfg = Debug|Any CPU
		{68C3567C-A1C1-4A0A-94E9-60BA4BD5CC39}.Debug|iPhoneSimulator.Build.0 = Debug|Any CPU
		{68C3567C-A1C1-4A0A-94E9-60BA4BD5CC39}.DebugFull|Any CPU.ActiveCfg = Debug|Any CPU
		{68C3567C-A1C1-4A0A-94E9-60BA4BD5CC39}.DebugFull|Any CPU.Build.0 = Debug|Any CPU
		{68C3567C-A1C1-4A0A-94E9-60BA4BD5CC39}.DebugNewTls|Any CPU.ActiveCfg = Debug|Any CPU
		{68C3567C-A1C1-4A0A-94E9-60BA4BD5CC39}.DebugNewTls|Any CPU.Build.0 = Debug|Any CPU
		{68C3567C-A1C1-4A0A-94E9-60BA4BD5CC39}.Release|Any CPU.ActiveCfg = Release|Any CPU
		{68C3567C-A1C1-4A0A-94E9-60BA4BD5CC39}.Release|Any CPU.Build.0 = Release|Any CPU
		{68C3567C-A1C1-4A0A-94E9-60BA4BD5CC39}.Release|iPhone.ActiveCfg = Release|Any CPU
		{68C3567C-A1C1-4A0A-94E9-60BA4BD5CC39}.Release|iPhone.Build.0 = Release|Any CPU
		{68C3567C-A1C1-4A0A-94E9-60BA4BD5CC39}.Release|iPhoneSimulator.ActiveCfg = Release|Any CPU
		{68C3567C-A1C1-4A0A-94E9-60BA4BD5CC39}.Release|iPhoneSimulator.Build.0 = Release|Any CPU
		{68C3567C-A1C1-4A0A-94E9-60BA4BD5CC39}.ReleaseNewTls|Any CPU.ActiveCfg = Debug|Any CPU
		{68C3567C-A1C1-4A0A-94E9-60BA4BD5CC39}.ReleaseNewTls|Any CPU.Build.0 = Debug|Any CPU
		{6EB79B58-50EA-4196-8F1F-344679E4078A}.Console|Any CPU.ActiveCfg = Debug|Any CPU
		{6EB79B58-50EA-4196-8F1F-344679E4078A}.Console|Any CPU.Build.0 = Debug|Any CPU
		{6EB79B58-50EA-4196-8F1F-344679E4078A}.Debug|Any CPU.ActiveCfg = Debug|Any CPU
		{6EB79B58-50EA-4196-8F1F-344679E4078A}.Debug|Any CPU.Build.0 = Debug|Any CPU
		{6EB79B58-50EA-4196-8F1F-344679E4078A}.Debug|iPhone.ActiveCfg = Debug|Any CPU
		{6EB79B58-50EA-4196-8F1F-344679E4078A}.Debug|iPhone.Build.0 = Debug|Any CPU
		{6EB79B58-50EA-4196-8F1F-344679E4078A}.Debug|iPhoneSimulator.ActiveCfg = Debug|Any CPU
		{6EB79B58-50EA-4196-8F1F-344679E4078A}.Debug|iPhoneSimulator.Build.0 = Debug|Any CPU
		{6EB79B58-50EA-4196-8F1F-344679E4078A}.DebugFull|Any CPU.ActiveCfg = DebugFull|Any CPU
		{6EB79B58-50EA-4196-8F1F-344679E4078A}.DebugFull|Any CPU.Build.0 = DebugFull|Any CPU
		{6EB79B58-50EA-4196-8F1F-344679E4078A}.DebugNewTls|Any CPU.ActiveCfg = Debug|Any CPU
		{6EB79B58-50EA-4196-8F1F-344679E4078A}.DebugNewTls|Any CPU.Build.0 = Debug|Any CPU
		{6EB79B58-50EA-4196-8F1F-344679E4078A}.Release|Any CPU.ActiveCfg = Release|Any CPU
		{6EB79B58-50EA-4196-8F1F-344679E4078A}.Release|Any CPU.Build.0 = Release|Any CPU
		{6EB79B58-50EA-4196-8F1F-344679E4078A}.Release|iPhone.ActiveCfg = Release|Any CPU
		{6EB79B58-50EA-4196-8F1F-344679E4078A}.Release|iPhone.Build.0 = Release|Any CPU
		{6EB79B58-50EA-4196-8F1F-344679E4078A}.Release|iPhoneSimulator.ActiveCfg = Release|Any CPU
		{6EB79B58-50EA-4196-8F1F-344679E4078A}.Release|iPhoneSimulator.Build.0 = Release|Any CPU
		{6EB79B58-50EA-4196-8F1F-344679E4078A}.ReleaseNewTls|Any CPU.ActiveCfg = Debug|Any CPU
		{6EB79B58-50EA-4196-8F1F-344679E4078A}.ReleaseNewTls|Any CPU.Build.0 = Debug|Any CPU
		{85371459-6509-4D96-A95D-862399E0F0BE}.Console|Any CPU.ActiveCfg = Debug|Any CPU
		{85371459-6509-4D96-A95D-862399E0F0BE}.Console|Any CPU.Build.0 = Debug|Any CPU
		{85371459-6509-4D96-A95D-862399E0F0BE}.Debug|Any CPU.ActiveCfg = Debug|Any CPU
		{85371459-6509-4D96-A95D-862399E0F0BE}.Debug|Any CPU.Build.0 = Debug|Any CPU
		{85371459-6509-4D96-A95D-862399E0F0BE}.Debug|iPhone.ActiveCfg = Debug|Any CPU
		{85371459-6509-4D96-A95D-862399E0F0BE}.Debug|iPhone.Build.0 = Debug|Any CPU
		{85371459-6509-4D96-A95D-862399E0F0BE}.Debug|iPhoneSimulator.ActiveCfg = Debug|Any CPU
		{85371459-6509-4D96-A95D-862399E0F0BE}.Debug|iPhoneSimulator.Build.0 = Debug|Any CPU
		{85371459-6509-4D96-A95D-862399E0F0BE}.DebugFull|Any CPU.ActiveCfg = DebugFull|Any CPU
		{85371459-6509-4D96-A95D-862399E0F0BE}.DebugFull|Any CPU.Build.0 = DebugFull|Any CPU
		{85371459-6509-4D96-A95D-862399E0F0BE}.DebugNewTls|Any CPU.ActiveCfg = Debug|Any CPU
		{85371459-6509-4D96-A95D-862399E0F0BE}.DebugNewTls|Any CPU.Build.0 = Debug|Any CPU
		{85371459-6509-4D96-A95D-862399E0F0BE}.Release|Any CPU.ActiveCfg = Debug|Any CPU
		{85371459-6509-4D96-A95D-862399E0F0BE}.Release|Any CPU.Build.0 = Debug|Any CPU
		{85371459-6509-4D96-A95D-862399E0F0BE}.Release|iPhone.ActiveCfg = Release|Any CPU
		{85371459-6509-4D96-A95D-862399E0F0BE}.Release|iPhone.Build.0 = Release|Any CPU
		{85371459-6509-4D96-A95D-862399E0F0BE}.Release|iPhoneSimulator.ActiveCfg = Release|Any CPU
		{85371459-6509-4D96-A95D-862399E0F0BE}.Release|iPhoneSimulator.Build.0 = Release|Any CPU
		{85371459-6509-4D96-A95D-862399E0F0BE}.ReleaseNewTls|Any CPU.ActiveCfg = Debug|Any CPU
		{85371459-6509-4D96-A95D-862399E0F0BE}.ReleaseNewTls|Any CPU.Build.0 = Debug|Any CPU
		{8FA04E17-8E60-45C4-A9A7-51C5047CCABF}.Console|Any CPU.ActiveCfg = Debug|Any CPU
		{8FA04E17-8E60-45C4-A9A7-51C5047CCABF}.Console|Any CPU.Build.0 = Debug|Any CPU
		{8FA04E17-8E60-45C4-A9A7-51C5047CCABF}.Debug|Any CPU.ActiveCfg = Debug|Any CPU
		{8FA04E17-8E60-45C4-A9A7-51C5047CCABF}.Debug|Any CPU.Build.0 = Debug|Any CPU
		{8FA04E17-8E60-45C4-A9A7-51C5047CCABF}.Debug|iPhone.ActiveCfg = Debug|Any CPU
		{8FA04E17-8E60-45C4-A9A7-51C5047CCABF}.Debug|iPhone.Build.0 = Debug|Any CPU
		{8FA04E17-8E60-45C4-A9A7-51C5047CCABF}.Debug|iPhoneSimulator.ActiveCfg = Debug|Any CPU
		{8FA04E17-8E60-45C4-A9A7-51C5047CCABF}.Debug|iPhoneSimulator.Build.0 = Debug|Any CPU
		{8FA04E17-8E60-45C4-A9A7-51C5047CCABF}.DebugFull|Any CPU.ActiveCfg = DebugFull|Any CPU
		{8FA04E17-8E60-45C4-A9A7-51C5047CCABF}.DebugFull|Any CPU.Build.0 = DebugFull|Any CPU
		{8FA04E17-8E60-45C4-A9A7-51C5047CCABF}.DebugNewTls|Any CPU.ActiveCfg = Debug|Any CPU
		{8FA04E17-8E60-45C4-A9A7-51C5047CCABF}.DebugNewTls|Any CPU.Build.0 = Debug|Any CPU
		{8FA04E17-8E60-45C4-A9A7-51C5047CCABF}.Release|Any CPU.ActiveCfg = Release|Any CPU
		{8FA04E17-8E60-45C4-A9A7-51C5047CCABF}.Release|Any CPU.Build.0 = Release|Any CPU
		{8FA04E17-8E60-45C4-A9A7-51C5047CCABF}.Release|iPhone.ActiveCfg = Release|Any CPU
		{8FA04E17-8E60-45C4-A9A7-51C5047CCABF}.Release|iPhone.Build.0 = Release|Any CPU
		{8FA04E17-8E60-45C4-A9A7-51C5047CCABF}.Release|iPhoneSimulator.ActiveCfg = Release|Any CPU
		{8FA04E17-8E60-45C4-A9A7-51C5047CCABF}.Release|iPhoneSimulator.Build.0 = Release|Any CPU
		{8FA04E17-8E60-45C4-A9A7-51C5047CCABF}.ReleaseNewTls|Any CPU.ActiveCfg = Debug|Any CPU
		{8FA04E17-8E60-45C4-A9A7-51C5047CCABF}.ReleaseNewTls|Any CPU.Build.0 = Debug|Any CPU
		{926ED252-2819-43C0-A534-F662F4E4F87B}.Console|Any CPU.ActiveCfg = Debug|Any CPU
		{926ED252-2819-43C0-A534-F662F4E4F87B}.Console|Any CPU.Build.0 = Debug|Any CPU
		{926ED252-2819-43C0-A534-F662F4E4F87B}.Debug|Any CPU.ActiveCfg = Debug|Any CPU
		{926ED252-2819-43C0-A534-F662F4E4F87B}.Debug|Any CPU.Build.0 = Debug|Any CPU
		{926ED252-2819-43C0-A534-F662F4E4F87B}.Debug|iPhone.ActiveCfg = Debug|Any CPU
		{926ED252-2819-43C0-A534-F662F4E4F87B}.Debug|iPhone.Build.0 = Debug|Any CPU
		{926ED252-2819-43C0-A534-F662F4E4F87B}.Debug|iPhoneSimulator.ActiveCfg = Debug|Any CPU
		{926ED252-2819-43C0-A534-F662F4E4F87B}.Debug|iPhoneSimulator.Build.0 = Debug|Any CPU
		{926ED252-2819-43C0-A534-F662F4E4F87B}.DebugFull|Any CPU.ActiveCfg = Debug|Any CPU
		{926ED252-2819-43C0-A534-F662F4E4F87B}.DebugFull|Any CPU.Build.0 = Debug|Any CPU
		{926ED252-2819-43C0-A534-F662F4E4F87B}.DebugNewTls|Any CPU.ActiveCfg = Debug|Any CPU
		{926ED252-2819-43C0-A534-F662F4E4F87B}.DebugNewTls|Any CPU.Build.0 = Debug|Any CPU
		{926ED252-2819-43C0-A534-F662F4E4F87B}.Release|Any CPU.ActiveCfg = Release|Any CPU
		{926ED252-2819-43C0-A534-F662F4E4F87B}.Release|Any CPU.Build.0 = Release|Any CPU
		{926ED252-2819-43C0-A534-F662F4E4F87B}.Release|iPhone.ActiveCfg = Release|Any CPU
		{926ED252-2819-43C0-A534-F662F4E4F87B}.Release|iPhone.Build.0 = Release|Any CPU
		{926ED252-2819-43C0-A534-F662F4E4F87B}.Release|iPhoneSimulator.ActiveCfg = Release|Any CPU
		{926ED252-2819-43C0-A534-F662F4E4F87B}.Release|iPhoneSimulator.Build.0 = Release|Any CPU
		{926ED252-2819-43C0-A534-F662F4E4F87B}.ReleaseNewTls|Any CPU.ActiveCfg = Debug|Any CPU
		{926ED252-2819-43C0-A534-F662F4E4F87B}.ReleaseNewTls|Any CPU.Build.0 = Debug|Any CPU
		{B8CB90A7-E1E9-4104-8E9E-3954FC5FC0FC}.Console|Any CPU.ActiveCfg = Debug|Any CPU
		{B8CB90A7-E1E9-4104-8E9E-3954FC5FC0FC}.Console|Any CPU.Build.0 = Debug|Any CPU
		{B8CB90A7-E1E9-4104-8E9E-3954FC5FC0FC}.Debug|Any CPU.ActiveCfg = Debug|Any CPU
		{B8CB90A7-E1E9-4104-8E9E-3954FC5FC0FC}.Debug|Any CPU.Build.0 = Debug|Any CPU
		{B8CB90A7-E1E9-4104-8E9E-3954FC5FC0FC}.Debug|iPhone.ActiveCfg = Debug|Any CPU
		{B8CB90A7-E1E9-4104-8E9E-3954FC5FC0FC}.Debug|iPhone.Build.0 = Debug|Any CPU
		{B8CB90A7-E1E9-4104-8E9E-3954FC5FC0FC}.Debug|iPhoneSimulator.ActiveCfg = Debug|Any CPU
		{B8CB90A7-E1E9-4104-8E9E-3954FC5FC0FC}.Debug|iPhoneSimulator.Build.0 = Debug|Any CPU
		{B8CB90A7-E1E9-4104-8E9E-3954FC5FC0FC}.DebugFull|Any CPU.ActiveCfg = Debug|Any CPU
		{B8CB90A7-E1E9-4104-8E9E-3954FC5FC0FC}.DebugFull|Any CPU.Build.0 = Debug|Any CPU
		{B8CB90A7-E1E9-4104-8E9E-3954FC5FC0FC}.DebugNewTls|Any CPU.ActiveCfg = Debug|Any CPU
		{B8CB90A7-E1E9-4104-8E9E-3954FC5FC0FC}.DebugNewTls|Any CPU.Build.0 = Debug|Any CPU
		{B8CB90A7-E1E9-4104-8E9E-3954FC5FC0FC}.Release|Any CPU.ActiveCfg = Release|Any CPU
		{B8CB90A7-E1E9-4104-8E9E-3954FC5FC0FC}.Release|Any CPU.Build.0 = Release|Any CPU
		{B8CB90A7-E1E9-4104-8E9E-3954FC5FC0FC}.Release|iPhone.ActiveCfg = Release|Any CPU
		{B8CB90A7-E1E9-4104-8E9E-3954FC5FC0FC}.Release|iPhone.Build.0 = Release|Any CPU
		{B8CB90A7-E1E9-4104-8E9E-3954FC5FC0FC}.Release|iPhoneSimulator.ActiveCfg = Release|Any CPU
		{B8CB90A7-E1E9-4104-8E9E-3954FC5FC0FC}.Release|iPhoneSimulator.Build.0 = Release|Any CPU
		{B8CB90A7-E1E9-4104-8E9E-3954FC5FC0FC}.ReleaseNewTls|Any CPU.ActiveCfg = Debug|Any CPU
		{B8CB90A7-E1E9-4104-8E9E-3954FC5FC0FC}.ReleaseNewTls|Any CPU.Build.0 = Debug|Any CPU
		{BEC2B807-EF3B-4013-B828-B3BB2AC1620D}.Console|Any CPU.ActiveCfg = Debug|Any CPU
		{BEC2B807-EF3B-4013-B828-B3BB2AC1620D}.Console|Any CPU.Build.0 = Debug|Any CPU
		{BEC2B807-EF3B-4013-B828-B3BB2AC1620D}.Debug|Any CPU.ActiveCfg = Debug|Any CPU
		{BEC2B807-EF3B-4013-B828-B3BB2AC1620D}.Debug|Any CPU.Build.0 = Debug|Any CPU
		{BEC2B807-EF3B-4013-B828-B3BB2AC1620D}.Debug|iPhone.ActiveCfg = Debug|Any CPU
		{BEC2B807-EF3B-4013-B828-B3BB2AC1620D}.Debug|iPhone.Build.0 = Debug|Any CPU
		{BEC2B807-EF3B-4013-B828-B3BB2AC1620D}.Debug|iPhoneSimulator.ActiveCfg = Debug|Any CPU
		{BEC2B807-EF3B-4013-B828-B3BB2AC1620D}.Debug|iPhoneSimulator.Build.0 = Debug|Any CPU
		{BEC2B807-EF3B-4013-B828-B3BB2AC1620D}.DebugFull|Any CPU.ActiveCfg = DebugFull|Any CPU
		{BEC2B807-EF3B-4013-B828-B3BB2AC1620D}.DebugFull|Any CPU.Build.0 = DebugFull|Any CPU
		{BEC2B807-EF3B-4013-B828-B3BB2AC1620D}.DebugNewTls|Any CPU.ActiveCfg = Debug|Any CPU
		{BEC2B807-EF3B-4013-B828-B3BB2AC1620D}.DebugNewTls|Any CPU.Build.0 = Debug|Any CPU
		{BEC2B807-EF3B-4013-B828-B3BB2AC1620D}.Release|Any CPU.ActiveCfg = Debug|Any CPU
		{BEC2B807-EF3B-4013-B828-B3BB2AC1620D}.Release|Any CPU.Build.0 = Debug|Any CPU
		{BEC2B807-EF3B-4013-B828-B3BB2AC1620D}.Release|iPhone.ActiveCfg = Release|Any CPU
		{BEC2B807-EF3B-4013-B828-B3BB2AC1620D}.Release|iPhone.Build.0 = Release|Any CPU
		{BEC2B807-EF3B-4013-B828-B3BB2AC1620D}.Release|iPhoneSimulator.ActiveCfg = Release|Any CPU
		{BEC2B807-EF3B-4013-B828-B3BB2AC1620D}.Release|iPhoneSimulator.Build.0 = Release|Any CPU
		{BEC2B807-EF3B-4013-B828-B3BB2AC1620D}.ReleaseNewTls|Any CPU.ActiveCfg = Debug|Any CPU
		{BEC2B807-EF3B-4013-B828-B3BB2AC1620D}.ReleaseNewTls|Any CPU.Build.0 = Debug|Any CPU
		{CE125B3F-AD36-4EDD-B3D5-4CDBE430924A}.Console|Any CPU.ActiveCfg = Debug|Any CPU
		{CE125B3F-AD36-4EDD-B3D5-4CDBE430924A}.Console|Any CPU.Build.0 = Debug|Any CPU
		{CE125B3F-AD36-4EDD-B3D5-4CDBE430924A}.Debug|Any CPU.ActiveCfg = Debug|Any CPU
		{CE125B3F-AD36-4EDD-B3D5-4CDBE430924A}.Debug|Any CPU.Build.0 = Debug|Any CPU
		{CE125B3F-AD36-4EDD-B3D5-4CDBE430924A}.Debug|iPhone.ActiveCfg = Debug|Any CPU
		{CE125B3F-AD36-4EDD-B3D5-4CDBE430924A}.Debug|iPhone.Build.0 = Debug|Any CPU
		{CE125B3F-AD36-4EDD-B3D5-4CDBE430924A}.Debug|iPhoneSimulator.ActiveCfg = Debug|Any CPU
		{CE125B3F-AD36-4EDD-B3D5-4CDBE430924A}.Debug|iPhoneSimulator.Build.0 = Debug|Any CPU
		{CE125B3F-AD36-4EDD-B3D5-4CDBE430924A}.DebugFull|Any CPU.ActiveCfg = DebugFull|Any CPU
		{CE125B3F-AD36-4EDD-B3D5-4CDBE430924A}.DebugFull|Any CPU.Build.0 = DebugFull|Any CPU
		{CE125B3F-AD36-4EDD-B3D5-4CDBE430924A}.DebugNewTls|Any CPU.ActiveCfg = Debug|Any CPU
		{CE125B3F-AD36-4EDD-B3D5-4CDBE430924A}.DebugNewTls|Any CPU.Build.0 = Debug|Any CPU
		{CE125B3F-AD36-4EDD-B3D5-4CDBE430924A}.Release|Any CPU.ActiveCfg = Debug|Any CPU
		{CE125B3F-AD36-4EDD-B3D5-4CDBE430924A}.Release|Any CPU.Build.0 = Debug|Any CPU
		{CE125B3F-AD36-4EDD-B3D5-4CDBE430924A}.Release|iPhone.ActiveCfg = Release|Any CPU
		{CE125B3F-AD36-4EDD-B3D5-4CDBE430924A}.Release|iPhone.Build.0 = Release|Any CPU
		{CE125B3F-AD36-4EDD-B3D5-4CDBE430924A}.Release|iPhoneSimulator.ActiveCfg = Release|Any CPU
		{CE125B3F-AD36-4EDD-B3D5-4CDBE430924A}.Release|iPhoneSimulator.Build.0 = Release|Any CPU
		{CE125B3F-AD36-4EDD-B3D5-4CDBE430924A}.ReleaseNewTls|Any CPU.ActiveCfg = Debug|Any CPU
		{CE125B3F-AD36-4EDD-B3D5-4CDBE430924A}.ReleaseNewTls|Any CPU.Build.0 = Debug|Any CPU
		{E93E8622-665B-44D6-B36A-89C93B5B3532}.Console|Any CPU.ActiveCfg = Debug|Any CPU
		{E93E8622-665B-44D6-B36A-89C93B5B3532}.Console|Any CPU.Build.0 = Debug|Any CPU
		{E93E8622-665B-44D6-B36A-89C93B5B3532}.Debug|Any CPU.ActiveCfg = Debug|Any CPU
		{E93E8622-665B-44D6-B36A-89C93B5B3532}.Debug|Any CPU.Build.0 = Debug|Any CPU
		{E93E8622-665B-44D6-B36A-89C93B5B3532}.Debug|iPhone.ActiveCfg = Debug|Any CPU
		{E93E8622-665B-44D6-B36A-89C93B5B3532}.Debug|iPhone.Build.0 = Debug|Any CPU
		{E93E8622-665B-44D6-B36A-89C93B5B3532}.Debug|iPhoneSimulator.ActiveCfg = Debug|Any CPU
		{E93E8622-665B-44D6-B36A-89C93B5B3532}.Debug|iPhoneSimulator.Build.0 = Debug|Any CPU
		{E93E8622-665B-44D6-B36A-89C93B5B3532}.DebugFull|Any CPU.ActiveCfg = DebugFull|Any CPU
		{E93E8622-665B-44D6-B36A-89C93B5B3532}.DebugFull|Any CPU.Build.0 = DebugFull|Any CPU
		{E93E8622-665B-44D6-B36A-89C93B5B3532}.DebugNewTls|Any CPU.ActiveCfg = Debug|Any CPU
		{E93E8622-665B-44D6-B36A-89C93B5B3532}.DebugNewTls|Any CPU.Build.0 = Debug|Any CPU
		{E93E8622-665B-44D6-B36A-89C93B5B3532}.Release|Any CPU.ActiveCfg = Debug|Any CPU
		{E93E8622-665B-44D6-B36A-89C93B5B3532}.Release|Any CPU.Build.0 = Debug|Any CPU
		{E93E8622-665B-44D6-B36A-89C93B5B3532}.Release|iPhone.ActiveCfg = Release|Any CPU
		{E93E8622-665B-44D6-B36A-89C93B5B3532}.Release|iPhone.Build.0 = Release|Any CPU
		{E93E8622-665B-44D6-B36A-89C93B5B3532}.Release|iPhoneSimulator.ActiveCfg = Release|Any CPU
		{E93E8622-665B-44D6-B36A-89C93B5B3532}.Release|iPhoneSimulator.Build.0 = Release|Any CPU
		{E93E8622-665B-44D6-B36A-89C93B5B3532}.ReleaseNewTls|Any CPU.ActiveCfg = Debug|Any CPU
		{E93E8622-665B-44D6-B36A-89C93B5B3532}.ReleaseNewTls|Any CPU.Build.0 = Debug|Any CPU
	EndGlobalSection
EndGlobal
