
Microsoft Visual Studio Solution File, Format Version 12.00
# Visual Studio 15
VisualStudioVersion = 15.0.26228.4
MinimumVisualStudioVersion = 10.0.40219.1
Project("{FAE04EC0-301F-11D3-BF4B-00C04F79EFBC}") = "Xamarin.AsyncTests", "Xamarin.AsyncTests\Xamarin.AsyncTests.csproj", "{CE125B3F-AD36-4EDD-B3D5-4CDBE430924A}"
EndProject
Project("{FAE04EC0-301F-11D3-BF4B-00C04F79EFBC}") = "Xamarin.AsyncTests.Framework", "Xamarin.AsyncTests.Framework\Xamarin.AsyncTests.Framework.csproj", "{BEC2B807-EF3B-4013-B828-B3BB2AC1620D}"
EndProject
Project("{FAE04EC0-301F-11D3-BF4B-00C04F79EFBC}") = "Xamarin.WebTests.Tests", "Xamarin.WebTests.Tests\Xamarin.WebTests.Tests.csproj", "{E93E8622-665B-44D6-B36A-89C93B5B3532}"
EndProject
Project("{FAE04EC0-301F-11D3-BF4B-00C04F79EFBC}") = "Xamarin.AsyncTests.Console", "Xamarin.AsyncTests.Console\Xamarin.AsyncTests.Console.csproj", "{8FA04E17-8E60-45C4-A9A7-51C5047CCABF}"
EndProject
Project("{D954291E-2A0B-460D-934E-DC6B0785DB48}") = "Xamarin.AsyncTests.PortableImpl", "Xamarin.AsyncTests.PortableImpl\Xamarin.AsyncTests.PortableImpl.shproj", "{4D53941A-ABBE-4B89-A362-C56F7BC0B20A}"
EndProject
Project("{FAE04EC0-301F-11D3-BF4B-00C04F79EFBC}") = "Xamarin.WebTests.Framework", "Xamarin.WebTests.Framework\Xamarin.WebTests.Framework.csproj", "{85371459-6509-4D96-A95D-862399E0F0BE}"
EndProject
Project("{D954291E-2A0B-460D-934E-DC6B0785DB48}") = "Xamarin.WebTests.TestProvider", "Xamarin.WebTests.TestProvider\Xamarin.WebTests.TestProvider.shproj", "{D578985A-B8C0-4083-8F3E-1AE2B680E85B}"
EndProject
Project("{FAE04EC0-301F-11D3-BF4B-00C04F79EFBC}") = "Xamarin.WebTests.PortableSecurity.Console", "Console\Xamarin.WebTests.PortableSecurity.Console\Xamarin.WebTests.PortableSecurity.Console.csproj", "{926ED252-2819-43C0-A534-F662F4E4F87B}"
EndProject
Project("{FAE04EC0-301F-11D3-BF4B-00C04F79EFBC}") = "Xamarin.WebTests.TestProvider.DotNet", "DotNet\Xamarin.WebTests.TestProvider.DotNet\Xamarin.WebTests.TestProvider.DotNet.csproj", "{E6EC6736-08D0-4065-BC20-80820E33F772}"
EndProject
Project("{FAE04EC0-301F-11D3-BF4B-00C04F79EFBC}") = "Xamarin.WebTests.DotNet", "DotNet\Xamarin.WebTests.DotNet\Xamarin.WebTests.DotNet.csproj", "{5454F80C-AD16-4A09-9721-91AEBDC62682}"
EndProject
Global
	GlobalSection(SharedMSBuildProjectFiles) = preSolution
		Xamarin.AsyncTests.PortableImpl\Xamarin.AsyncTests.PortableImpl.projitems*{4d53941a-abbe-4b89-a362-c56f7bc0b20a}*SharedItemsImports = 13
		Xamarin.AsyncTests.PortableImpl\Xamarin.AsyncTests.PortableImpl.projitems*{8fa04e17-8e60-45c4-a9a7-51c5047ccabf}*SharedItemsImports = 4
		Xamarin.WebTests.TestProvider\Xamarin.WebTests.TestProvider.projitems*{d578985a-b8c0-4083-8f3e-1ae2b680e85b}*SharedItemsImports = 13
		Xamarin.AsyncTests.PortableImpl\Xamarin.AsyncTests.PortableImpl.projitems*{e6ec6736-08d0-4065-bc20-80820e33f772}*SharedItemsImports = 4
		Xamarin.WebTests.TestProvider\Xamarin.WebTests.TestProvider.projitems*{e6ec6736-08d0-4065-bc20-80820e33f772}*SharedItemsImports = 4
	EndGlobalSection
	GlobalSection(SolutionConfigurationPlatforms) = preSolution
		Console|Any CPU = Console|Any CPU
		Console|iPhone = Console|iPhone
		Console|iPhoneSimulator = Console|iPhoneSimulator
		Debug|Any CPU = Debug|Any CPU
		Debug|iPhone = Debug|iPhone
		Debug|iPhoneSimulator = Debug|iPhoneSimulator
		DebugFull|Any CPU = DebugFull|Any CPU
		DebugFull|iPhone = DebugFull|iPhone
		DebugFull|iPhoneSimulator = DebugFull|iPhoneSimulator
		Release|Any CPU = Release|Any CPU
		Release|iPhone = Release|iPhone
		Release|iPhoneSimulator = Release|iPhoneSimulator
	EndGlobalSection
	GlobalSection(ProjectConfigurationPlatforms) = postSolution
		{CE125B3F-AD36-4EDD-B3D5-4CDBE430924A}.Console|Any CPU.ActiveCfg = Debug|Any CPU
		{CE125B3F-AD36-4EDD-B3D5-4CDBE430924A}.Console|Any CPU.Build.0 = Debug|Any CPU
		{CE125B3F-AD36-4EDD-B3D5-4CDBE430924A}.Console|iPhone.ActiveCfg = Debug|Any CPU
		{CE125B3F-AD36-4EDD-B3D5-4CDBE430924A}.Console|iPhone.Build.0 = Debug|Any CPU
		{CE125B3F-AD36-4EDD-B3D5-4CDBE430924A}.Console|iPhoneSimulator.ActiveCfg = Debug|Any CPU
		{CE125B3F-AD36-4EDD-B3D5-4CDBE430924A}.Console|iPhoneSimulator.Build.0 = Debug|Any CPU
		{CE125B3F-AD36-4EDD-B3D5-4CDBE430924A}.Debug|Any CPU.ActiveCfg = Debug|Any CPU
		{CE125B3F-AD36-4EDD-B3D5-4CDBE430924A}.Debug|Any CPU.Build.0 = Debug|Any CPU
		{CE125B3F-AD36-4EDD-B3D5-4CDBE430924A}.Debug|iPhone.ActiveCfg = Debug|Any CPU
		{CE125B3F-AD36-4EDD-B3D5-4CDBE430924A}.Debug|iPhone.Build.0 = Debug|Any CPU
		{CE125B3F-AD36-4EDD-B3D5-4CDBE430924A}.Debug|iPhoneSimulator.ActiveCfg = Debug|Any CPU
		{CE125B3F-AD36-4EDD-B3D5-4CDBE430924A}.Debug|iPhoneSimulator.Build.0 = Debug|Any CPU
		{CE125B3F-AD36-4EDD-B3D5-4CDBE430924A}.DebugFull|Any CPU.ActiveCfg = Debug|Any CPU
		{CE125B3F-AD36-4EDD-B3D5-4CDBE430924A}.DebugFull|Any CPU.Build.0 = Debug|Any CPU
		{CE125B3F-AD36-4EDD-B3D5-4CDBE430924A}.DebugFull|iPhone.ActiveCfg = Debug|Any CPU
		{CE125B3F-AD36-4EDD-B3D5-4CDBE430924A}.DebugFull|iPhone.Build.0 = Debug|Any CPU
		{CE125B3F-AD36-4EDD-B3D5-4CDBE430924A}.DebugFull|iPhoneSimulator.ActiveCfg = Debug|Any CPU
		{CE125B3F-AD36-4EDD-B3D5-4CDBE430924A}.DebugFull|iPhoneSimulator.Build.0 = Debug|Any CPU
		{CE125B3F-AD36-4EDD-B3D5-4CDBE430924A}.Release|Any CPU.ActiveCfg = Debug|Any CPU
		{CE125B3F-AD36-4EDD-B3D5-4CDBE430924A}.Release|Any CPU.Build.0 = Debug|Any CPU
		{CE125B3F-AD36-4EDD-B3D5-4CDBE430924A}.Release|iPhone.ActiveCfg = Debug|Any CPU
		{CE125B3F-AD36-4EDD-B3D5-4CDBE430924A}.Release|iPhone.Build.0 = Debug|Any CPU
		{CE125B3F-AD36-4EDD-B3D5-4CDBE430924A}.Release|iPhoneSimulator.ActiveCfg = Debug|Any CPU
		{CE125B3F-AD36-4EDD-B3D5-4CDBE430924A}.Release|iPhoneSimulator.Build.0 = Debug|Any CPU
		{BEC2B807-EF3B-4013-B828-B3BB2AC1620D}.Console|Any CPU.ActiveCfg = Debug|Any CPU
		{BEC2B807-EF3B-4013-B828-B3BB2AC1620D}.Console|Any CPU.Build.0 = Debug|Any CPU
		{BEC2B807-EF3B-4013-B828-B3BB2AC1620D}.Console|iPhone.ActiveCfg = Debug|Any CPU
		{BEC2B807-EF3B-4013-B828-B3BB2AC1620D}.Console|iPhone.Build.0 = Debug|Any CPU
		{BEC2B807-EF3B-4013-B828-B3BB2AC1620D}.Console|iPhoneSimulator.ActiveCfg = Debug|Any CPU
		{BEC2B807-EF3B-4013-B828-B3BB2AC1620D}.Console|iPhoneSimulator.Build.0 = Debug|Any CPU
		{BEC2B807-EF3B-4013-B828-B3BB2AC1620D}.Debug|Any CPU.ActiveCfg = Debug|Any CPU
		{BEC2B807-EF3B-4013-B828-B3BB2AC1620D}.Debug|Any CPU.Build.0 = Debug|Any CPU
		{BEC2B807-EF3B-4013-B828-B3BB2AC1620D}.Debug|iPhone.ActiveCfg = Debug|Any CPU
		{BEC2B807-EF3B-4013-B828-B3BB2AC1620D}.Debug|iPhone.Build.0 = Debug|Any CPU
		{BEC2B807-EF3B-4013-B828-B3BB2AC1620D}.Debug|iPhoneSimulator.ActiveCfg = Debug|Any CPU
		{BEC2B807-EF3B-4013-B828-B3BB2AC1620D}.Debug|iPhoneSimulator.Build.0 = Debug|Any CPU
		{BEC2B807-EF3B-4013-B828-B3BB2AC1620D}.DebugFull|Any CPU.ActiveCfg = Debug|Any CPU
		{BEC2B807-EF3B-4013-B828-B3BB2AC1620D}.DebugFull|Any CPU.Build.0 = Debug|Any CPU
		{BEC2B807-EF3B-4013-B828-B3BB2AC1620D}.DebugFull|iPhone.ActiveCfg = Debug|Any CPU
		{BEC2B807-EF3B-4013-B828-B3BB2AC1620D}.DebugFull|iPhone.Build.0 = Debug|Any CPU
		{BEC2B807-EF3B-4013-B828-B3BB2AC1620D}.DebugFull|iPhoneSimulator.ActiveCfg = Debug|Any CPU
		{BEC2B807-EF3B-4013-B828-B3BB2AC1620D}.DebugFull|iPhoneSimulator.Build.0 = Debug|Any CPU
		{BEC2B807-EF3B-4013-B828-B3BB2AC1620D}.Release|Any CPU.ActiveCfg = Debug|Any CPU
		{BEC2B807-EF3B-4013-B828-B3BB2AC1620D}.Release|Any CPU.Build.0 = Debug|Any CPU
		{BEC2B807-EF3B-4013-B828-B3BB2AC1620D}.Release|iPhone.ActiveCfg = Debug|Any CPU
		{BEC2B807-EF3B-4013-B828-B3BB2AC1620D}.Release|iPhone.Build.0 = Debug|Any CPU
		{BEC2B807-EF3B-4013-B828-B3BB2AC1620D}.Release|iPhoneSimulator.ActiveCfg = Debug|Any CPU
		{BEC2B807-EF3B-4013-B828-B3BB2AC1620D}.Release|iPhoneSimulator.Build.0 = Debug|Any CPU
		{E93E8622-665B-44D6-B36A-89C93B5B3532}.Console|Any CPU.ActiveCfg = Debug|Any CPU
		{E93E8622-665B-44D6-B36A-89C93B5B3532}.Console|Any CPU.Build.0 = Debug|Any CPU
		{E93E8622-665B-44D6-B36A-89C93B5B3532}.Console|iPhone.ActiveCfg = Debug|Any CPU
		{E93E8622-665B-44D6-B36A-89C93B5B3532}.Console|iPhone.Build.0 = Debug|Any CPU
		{E93E8622-665B-44D6-B36A-89C93B5B3532}.Console|iPhoneSimulator.ActiveCfg = Debug|Any CPU
		{E93E8622-665B-44D6-B36A-89C93B5B3532}.Console|iPhoneSimulator.Build.0 = Debug|Any CPU
		{E93E8622-665B-44D6-B36A-89C93B5B3532}.Debug|Any CPU.ActiveCfg = Debug|Any CPU
		{E93E8622-665B-44D6-B36A-89C93B5B3532}.Debug|Any CPU.Build.0 = Debug|Any CPU
		{E93E8622-665B-44D6-B36A-89C93B5B3532}.Debug|iPhone.ActiveCfg = Debug|Any CPU
		{E93E8622-665B-44D6-B36A-89C93B5B3532}.Debug|iPhone.Build.0 = Debug|Any CPU
		{E93E8622-665B-44D6-B36A-89C93B5B3532}.Debug|iPhoneSimulator.ActiveCfg = Debug|Any CPU
		{E93E8622-665B-44D6-B36A-89C93B5B3532}.Debug|iPhoneSimulator.Build.0 = Debug|Any CPU
		{E93E8622-665B-44D6-B36A-89C93B5B3532}.DebugFull|Any CPU.ActiveCfg = Debug|Any CPU
		{E93E8622-665B-44D6-B36A-89C93B5B3532}.DebugFull|Any CPU.Build.0 = Debug|Any CPU
		{E93E8622-665B-44D6-B36A-89C93B5B3532}.DebugFull|iPhone.ActiveCfg = Debug|Any CPU
		{E93E8622-665B-44D6-B36A-89C93B5B3532}.DebugFull|iPhone.Build.0 = Debug|Any CPU
		{E93E8622-665B-44D6-B36A-89C93B5B3532}.DebugFull|iPhoneSimulator.ActiveCfg = Debug|Any CPU
		{E93E8622-665B-44D6-B36A-89C93B5B3532}.DebugFull|iPhoneSimulator.Build.0 = Debug|Any CPU
		{E93E8622-665B-44D6-B36A-89C93B5B3532}.Release|Any CPU.ActiveCfg = Debug|Any CPU
		{E93E8622-665B-44D6-B36A-89C93B5B3532}.Release|Any CPU.Build.0 = Debug|Any CPU
		{E93E8622-665B-44D6-B36A-89C93B5B3532}.Release|iPhone.ActiveCfg = Debug|Any CPU
		{E93E8622-665B-44D6-B36A-89C93B5B3532}.Release|iPhone.Build.0 = Debug|Any CPU
		{E93E8622-665B-44D6-B36A-89C93B5B3532}.Release|iPhoneSimulator.ActiveCfg = Debug|Any CPU
		{E93E8622-665B-44D6-B36A-89C93B5B3532}.Release|iPhoneSimulator.Build.0 = Debug|Any CPU
		{8FA04E17-8E60-45C4-A9A7-51C5047CCABF}.Console|Any CPU.ActiveCfg = Debug|Any CPU
		{8FA04E17-8E60-45C4-A9A7-51C5047CCABF}.Console|Any CPU.Build.0 = Debug|Any CPU
		{8FA04E17-8E60-45C4-A9A7-51C5047CCABF}.Console|iPhone.ActiveCfg = Release|Any CPU
		{8FA04E17-8E60-45C4-A9A7-51C5047CCABF}.Console|iPhoneSimulator.ActiveCfg = Release|Any CPU
		{8FA04E17-8E60-45C4-A9A7-51C5047CCABF}.Debug|Any CPU.ActiveCfg = Debug|Any CPU
		{8FA04E17-8E60-45C4-A9A7-51C5047CCABF}.Debug|Any CPU.Build.0 = Debug|Any CPU
		{8FA04E17-8E60-45C4-A9A7-51C5047CCABF}.Debug|iPhone.ActiveCfg = Debug|Any CPU
		{8FA04E17-8E60-45C4-A9A7-51C5047CCABF}.Debug|iPhone.Build.0 = Debug|Any CPU
		{8FA04E17-8E60-45C4-A9A7-51C5047CCABF}.Debug|iPhoneSimulator.ActiveCfg = Debug|Any CPU
		{8FA04E17-8E60-45C4-A9A7-51C5047CCABF}.Debug|iPhoneSimulator.Build.0 = Debug|Any CPU
		{8FA04E17-8E60-45C4-A9A7-51C5047CCABF}.DebugFull|Any CPU.ActiveCfg = Debug|Any CPU
		{8FA04E17-8E60-45C4-A9A7-51C5047CCABF}.DebugFull|Any CPU.Build.0 = Debug|Any CPU
		{8FA04E17-8E60-45C4-A9A7-51C5047CCABF}.DebugFull|iPhone.ActiveCfg = Debug|Any CPU
		{8FA04E17-8E60-45C4-A9A7-51C5047CCABF}.DebugFull|iPhone.Build.0 = Debug|Any CPU
		{8FA04E17-8E60-45C4-A9A7-51C5047CCABF}.DebugFull|iPhoneSimulator.ActiveCfg = Debug|Any CPU
		{8FA04E17-8E60-45C4-A9A7-51C5047CCABF}.DebugFull|iPhoneSimulator.Build.0 = Debug|Any CPU
		{8FA04E17-8E60-45C4-A9A7-51C5047CCABF}.Release|Any CPU.ActiveCfg = Release|Any CPU
		{8FA04E17-8E60-45C4-A9A7-51C5047CCABF}.Release|Any CPU.Build.0 = Release|Any CPU
		{8FA04E17-8E60-45C4-A9A7-51C5047CCABF}.Release|iPhone.ActiveCfg = Release|Any CPU
		{8FA04E17-8E60-45C4-A9A7-51C5047CCABF}.Release|iPhone.Build.0 = Release|Any CPU
		{8FA04E17-8E60-45C4-A9A7-51C5047CCABF}.Release|iPhoneSimulator.ActiveCfg = Release|Any CPU
		{8FA04E17-8E60-45C4-A9A7-51C5047CCABF}.Release|iPhoneSimulator.Build.0 = Release|Any CPU
		{85371459-6509-4D96-A95D-862399E0F0BE}.Console|Any CPU.ActiveCfg = Debug|Any CPU
		{85371459-6509-4D96-A95D-862399E0F0BE}.Console|Any CPU.Build.0 = Debug|Any CPU
		{85371459-6509-4D96-A95D-862399E0F0BE}.Console|iPhone.ActiveCfg = Release|Any CPU
		{85371459-6509-4D96-A95D-862399E0F0BE}.Console|iPhoneSimulator.ActiveCfg = Release|Any CPU
		{85371459-6509-4D96-A95D-862399E0F0BE}.Debug|Any CPU.ActiveCfg = Debug|Any CPU
		{85371459-6509-4D96-A95D-862399E0F0BE}.Debug|Any CPU.Build.0 = Debug|Any CPU
		{85371459-6509-4D96-A95D-862399E0F0BE}.Debug|iPhone.ActiveCfg = Debug|Any CPU
		{85371459-6509-4D96-A95D-862399E0F0BE}.Debug|iPhone.Build.0 = Debug|Any CPU
		{85371459-6509-4D96-A95D-862399E0F0BE}.Debug|iPhoneSimulator.ActiveCfg = Debug|Any CPU
		{85371459-6509-4D96-A95D-862399E0F0BE}.Debug|iPhoneSimulator.Build.0 = Debug|Any CPU
		{85371459-6509-4D96-A95D-862399E0F0BE}.DebugFull|Any CPU.ActiveCfg = Debug|Any CPU
		{85371459-6509-4D96-A95D-862399E0F0BE}.DebugFull|Any CPU.Build.0 = Debug|Any CPU
		{85371459-6509-4D96-A95D-862399E0F0BE}.DebugFull|iPhone.ActiveCfg = Debug|Any CPU
		{85371459-6509-4D96-A95D-862399E0F0BE}.DebugFull|iPhone.Build.0 = Debug|Any CPU
		{85371459-6509-4D96-A95D-862399E0F0BE}.DebugFull|iPhoneSimulator.ActiveCfg = Debug|Any CPU
		{85371459-6509-4D96-A95D-862399E0F0BE}.DebugFull|iPhoneSimulator.Build.0 = Debug|Any CPU
		{85371459-6509-4D96-A95D-862399E0F0BE}.Release|Any CPU.ActiveCfg = Debug|Any CPU
		{85371459-6509-4D96-A95D-862399E0F0BE}.Release|Any CPU.Build.0 = Debug|Any CPU
		{85371459-6509-4D96-A95D-862399E0F0BE}.Release|iPhone.ActiveCfg = Release|Any CPU
		{85371459-6509-4D96-A95D-862399E0F0BE}.Release|iPhone.Build.0 = Release|Any CPU
		{85371459-6509-4D96-A95D-862399E0F0BE}.Release|iPhoneSimulator.ActiveCfg = Release|Any CPU
		{85371459-6509-4D96-A95D-862399E0F0BE}.Release|iPhoneSimulator.Build.0 = Release|Any CPU
		{926ED252-2819-43C0-A534-F662F4E4F87B}.Console|Any CPU.ActiveCfg = Debug|Any CPU
		{926ED252-2819-43C0-A534-F662F4E4F87B}.Console|Any CPU.Build.0 = Debug|Any CPU
		{926ED252-2819-43C0-A534-F662F4E4F87B}.Console|iPhone.ActiveCfg = Release|Any CPU
		{926ED252-2819-43C0-A534-F662F4E4F87B}.Console|iPhoneSimulator.ActiveCfg = Release|Any CPU
		{926ED252-2819-43C0-A534-F662F4E4F87B}.Debug|Any CPU.ActiveCfg = Debug|Any CPU
		{926ED252-2819-43C0-A534-F662F4E4F87B}.Debug|Any CPU.Build.0 = Debug|Any CPU
		{926ED252-2819-43C0-A534-F662F4E4F87B}.Debug|iPhone.ActiveCfg = Debug|Any CPU
		{926ED252-2819-43C0-A534-F662F4E4F87B}.Debug|iPhone.Build.0 = Debug|Any CPU
		{926ED252-2819-43C0-A534-F662F4E4F87B}.Debug|iPhoneSimulator.ActiveCfg = Debug|Any CPU
		{926ED252-2819-43C0-A534-F662F4E4F87B}.Debug|iPhoneSimulator.Build.0 = Debug|Any CPU
		{926ED252-2819-43C0-A534-F662F4E4F87B}.DebugFull|Any CPU.ActiveCfg = Debug|Any CPU
		{926ED252-2819-43C0-A534-F662F4E4F87B}.DebugFull|Any CPU.Build.0 = Debug|Any CPU
		{926ED252-2819-43C0-A534-F662F4E4F87B}.DebugFull|iPhone.ActiveCfg = Debug|Any CPU
		{926ED252-2819-43C0-A534-F662F4E4F87B}.DebugFull|iPhoneSimulator.ActiveCfg = Debug|Any CPU
		{926ED252-2819-43C0-A534-F662F4E4F87B}.Release|Any CPU.ActiveCfg = Release|Any CPU
		{926ED252-2819-43C0-A534-F662F4E4F87B}.Release|Any CPU.Build.0 = Release|Any CPU
		{926ED252-2819-43C0-A534-F662F4E4F87B}.Release|iPhone.ActiveCfg = Release|Any CPU
		{926ED252-2819-43C0-A534-F662F4E4F87B}.Release|iPhone.Build.0 = Release|Any CPU
		{926ED252-2819-43C0-A534-F662F4E4F87B}.Release|iPhoneSimulator.ActiveCfg = Release|Any CPU
		{926ED252-2819-43C0-A534-F662F4E4F87B}.Release|iPhoneSimulator.Build.0 = Release|Any CPU
		{E6EC6736-08D0-4065-BC20-80820E33F772}.Console|Any CPU.ActiveCfg = Debug|Any CPU
		{E6EC6736-08D0-4065-BC20-80820E33F772}.Console|Any CPU.Build.0 = Debug|Any CPU
		{E6EC6736-08D0-4065-BC20-80820E33F772}.Console|iPhone.ActiveCfg = Release|Any CPU
		{E6EC6736-08D0-4065-BC20-80820E33F772}.Console|iPhoneSimulator.ActiveCfg = Release|Any CPU
		{E6EC6736-08D0-4065-BC20-80820E33F772}.Debug|Any CPU.ActiveCfg = Debug|Any CPU
		{E6EC6736-08D0-4065-BC20-80820E33F772}.Debug|Any CPU.Build.0 = Debug|Any CPU
		{E6EC6736-08D0-4065-BC20-80820E33F772}.Debug|iPhone.ActiveCfg = Debug|Any CPU
		{E6EC6736-08D0-4065-BC20-80820E33F772}.Debug|iPhone.Build.0 = Debug|Any CPU
		{E6EC6736-08D0-4065-BC20-80820E33F772}.Debug|iPhoneSimulator.ActiveCfg = Debug|Any CPU
		{E6EC6736-08D0-4065-BC20-80820E33F772}.Debug|iPhoneSimulator.Build.0 = Debug|Any CPU
		{E6EC6736-08D0-4065-BC20-80820E33F772}.DebugFull|Any CPU.ActiveCfg = Debug|Any CPU
		{E6EC6736-08D0-4065-BC20-80820E33F772}.DebugFull|Any CPU.Build.0 = Debug|Any CPU
		{E6EC6736-08D0-4065-BC20-80820E33F772}.DebugFull|iPhone.ActiveCfg = Debug|Any CPU
		{E6EC6736-08D0-4065-BC20-80820E33F772}.DebugFull|iPhoneSimulator.ActiveCfg = Debug|Any CPU
		{E6EC6736-08D0-4065-BC20-80820E33F772}.Release|Any CPU.ActiveCfg = Release|Any CPU
		{E6EC6736-08D0-4065-BC20-80820E33F772}.Release|Any CPU.Build.0 = Release|Any CPU
		{E6EC6736-08D0-4065-BC20-80820E33F772}.Release|iPhone.ActiveCfg = Release|Any CPU
		{E6EC6736-08D0-4065-BC20-80820E33F772}.Release|iPhone.Build.0 = Release|Any CPU
		{E6EC6736-08D0-4065-BC20-80820E33F772}.Release|iPhoneSimulator.ActiveCfg = Release|Any CPU
		{E6EC6736-08D0-4065-BC20-80820E33F772}.Release|iPhoneSimulator.Build.0 = Release|Any CPU
		{5454F80C-AD16-4A09-9721-91AEBDC62682}.Console|Any CPU.ActiveCfg = Debug|Any CPU
		{5454F80C-AD16-4A09-9721-91AEBDC62682}.Console|Any CPU.Build.0 = Debug|Any CPU
		{5454F80C-AD16-4A09-9721-91AEBDC62682}.Console|iPhone.ActiveCfg = Release|Any CPU
		{5454F80C-AD16-4A09-9721-91AEBDC62682}.Console|iPhoneSimulator.ActiveCfg = Release|Any CPU
		{5454F80C-AD16-4A09-9721-91AEBDC62682}.Debug|Any CPU.ActiveCfg = Debug|Any CPU
		{5454F80C-AD16-4A09-9721-91AEBDC62682}.Debug|Any CPU.Build.0 = Debug|Any CPU
		{5454F80C-AD16-4A09-9721-91AEBDC62682}.Debug|iPhone.ActiveCfg = Debug|Any CPU
		{5454F80C-AD16-4A09-9721-91AEBDC62682}.Debug|iPhone.Build.0 = Debug|Any CPU
		{5454F80C-AD16-4A09-9721-91AEBDC62682}.Debug|iPhoneSimulator.ActiveCfg = Debug|Any CPU
		{5454F80C-AD16-4A09-9721-91AEBDC62682}.Debug|iPhoneSimulator.Build.0 = Debug|Any CPU
		{5454F80C-AD16-4A09-9721-91AEBDC62682}.DebugFull|Any CPU.ActiveCfg = Debug|Any CPU
		{5454F80C-AD16-4A09-9721-91AEBDC62682}.DebugFull|Any CPU.Build.0 = Debug|Any CPU
		{5454F80C-AD16-4A09-9721-91AEBDC62682}.DebugFull|iPhone.ActiveCfg = Debug|Any CPU
		{5454F80C-AD16-4A09-9721-91AEBDC62682}.DebugFull|iPhoneSimulator.ActiveCfg = Debug|Any CPU
		{5454F80C-AD16-4A09-9721-91AEBDC62682}.Release|Any CPU.ActiveCfg = Release|Any CPU
		{5454F80C-AD16-4A09-9721-91AEBDC62682}.Release|Any CPU.Build.0 = Release|Any CPU
		{5454F80C-AD16-4A09-9721-91AEBDC62682}.Release|iPhone.ActiveCfg = Release|Any CPU
		{5454F80C-AD16-4A09-9721-91AEBDC62682}.Release|iPhone.Build.0 = Release|Any CPU
		{5454F80C-AD16-4A09-9721-91AEBDC62682}.Release|iPhoneSimulator.ActiveCfg = Release|Any CPU
		{5454F80C-AD16-4A09-9721-91AEBDC62682}.Release|iPhoneSimulator.Build.0 = Release|Any CPU
	EndGlobalSection
	GlobalSection(SolutionProperties) = preSolution
		HideSolutionNode = FALSE
	EndGlobalSection
EndGlobal
