
Microsoft Visual Studio Solution File, Format Version 12.00
# Visual Studio 2012
Project("{FAE04EC0-301F-11D3-BF4B-00C04F79EFBC}") = "Xamarin.AsyncTests", "Xamarin.AsyncTests\Xamarin.AsyncTests.csproj", "{CE125B3F-AD36-4EDD-B3D5-4CDBE430924A}"
EndProject
Project("{FAE04EC0-301F-11D3-BF4B-00C04F79EFBC}") = "Xamarin.AsyncTests.Framework", "Xamarin.AsyncTests.Framework\Xamarin.AsyncTests.Framework.csproj", "{BEC2B807-EF3B-4013-B828-B3BB2AC1620D}"
EndProject
Project("{FAE04EC0-301F-11D3-BF4B-00C04F79EFBC}") = "Xamarin.WebTests.TestProvider.tvOS", "TVOS\Xamarin.WebTests.TestProvider.tvOS\Xamarin.WebTests.TestProvider.tvOS.csproj", "{E4815E18-CC75-4B35-BA03-46D01083B32E}"
EndProject
Project("{D954291E-2A0B-460D-934E-DC6B0785DB48}") = "Xamarin.AsyncTests.PortableImpl", "Xamarin.AsyncTests.PortableImpl\Xamarin.AsyncTests.PortableImpl.shproj", "{4D53941A-ABBE-4B89-A362-C56F7BC0B20A}"
EndProject
Project("{FAE04EC0-301F-11D3-BF4B-00C04F79EFBC}") = "Xamarin.WebTests.Tests", "Xamarin.WebTests.Tests\Xamarin.WebTests.Tests.csproj", "{E93E8622-665B-44D6-B36A-89C93B5B3532}"
EndProject
Project("{FAE04EC0-301F-11D3-BF4B-00C04F79EFBC}") = "Xamarin.WebTests.Framework", "Xamarin.WebTests.Framework\Xamarin.WebTests.Framework.csproj", "{85371459-6509-4D96-A95D-862399E0F0BE}"
EndProject
Project("{D954291E-2A0B-460D-934E-DC6B0785DB48}") = "Xamarin.WebTests.TestProvider", "Xamarin.WebTests.TestProvider\Xamarin.WebTests.TestProvider.shproj", "{D578985A-B8C0-4083-8F3E-1AE2B680E85B}"
EndProject
Project("{FAE04EC0-301F-11D3-BF4B-00C04F79EFBC}") = "Xamarin.WebTests.PortableSecurity.tvOS", "TVOS\Xamarin.WebTests.PortableSecurity.tvOS\Xamarin.WebTests.PortableSecurity.tvOS.csproj", "{FEB386DE-A89E-4F37-A6FD-7EB1B0A9303F}"
EndProject
Project("{FAE04EC0-301F-11D3-BF4B-00C04F79EFBC}") = "Mono.Security.Interface", "TVOS\Mono.Security.Interface\Mono.Security.Interface.csproj", "{93897065-5376-4961-A880-00311031D968}"
EndProject
Project("{FAE04EC0-301F-11D3-BF4B-00C04F79EFBC}") = "Xamarin.WebTests.MonoFramework", "Xamarin.WebTests.MonoFramework\Xamarin.WebTests.MonoFramework.csproj", "{B8CB90A7-E1E9-4104-8E9E-3954FC5FC0FC}"
EndProject
Project("{FAE04EC0-301F-11D3-BF4B-00C04F79EFBC}") = "Xamarin.WebTests.tvOS", "TVOS\Xamarin.WebTests.tvOS\Xamarin.WebTests.tvOS.csproj", "{468D3DF3-C54E-418C-B39C-3B2D20FDEA9D}"
EndProject
Project("{FAE04EC0-301F-11D3-BF4B-00C04F79EFBC}") = "Xamarin.WebTests.MonoTests", "Xamarin.WebTests.MonoTests\Xamarin.WebTests.MonoTests.csproj", "{68C3567C-A1C1-4A0A-94E9-60BA4BD5CC39}"
EndProject
Project("{FAE04EC0-301F-11D3-BF4B-00C04F79EFBC}") = "Xamarin.AsyncTests.Console", "Xamarin.AsyncTests.Console\Xamarin.AsyncTests.Console.csproj", "{8FA04E17-8E60-45C4-A9A7-51C5047CCABF}"
EndProject
Global
	GlobalSection(SolutionConfigurationPlatforms) = preSolution
		Debug|iPhoneSimulator = Debug|iPhoneSimulator
		Release|iPhone = Release|iPhone
		Release|iPhoneSimulator = Release|iPhoneSimulator
		Debug|iPhone = Debug|iPhone
		DebugAppleTls|iPhoneSimulator = DebugAppleTls|iPhoneSimulator
	EndGlobalSection
	GlobalSection(ProjectConfigurationPlatforms) = postSolution
		{CE125B3F-AD36-4EDD-B3D5-4CDBE430924A}.Debug|iPhoneSimulator.ActiveCfg = Debug|Any CPU
		{CE125B3F-AD36-4EDD-B3D5-4CDBE430924A}.Debug|iPhoneSimulator.Build.0 = Debug|Any CPU
		{CE125B3F-AD36-4EDD-B3D5-4CDBE430924A}.Release|iPhone.ActiveCfg = Debug|Any CPU
		{CE125B3F-AD36-4EDD-B3D5-4CDBE430924A}.Release|iPhone.Build.0 = Debug|Any CPU
		{CE125B3F-AD36-4EDD-B3D5-4CDBE430924A}.Release|iPhoneSimulator.ActiveCfg = Debug|Any CPU
		{CE125B3F-AD36-4EDD-B3D5-4CDBE430924A}.Release|iPhoneSimulator.Build.0 = Debug|Any CPU
		{CE125B3F-AD36-4EDD-B3D5-4CDBE430924A}.Debug|iPhone.ActiveCfg = Debug|Any CPU
		{CE125B3F-AD36-4EDD-B3D5-4CDBE430924A}.Debug|iPhone.Build.0 = Debug|Any CPU
		{CE125B3F-AD36-4EDD-B3D5-4CDBE430924A}.DebugAppleTls|iPhoneSimulator.ActiveCfg = Debug|Any CPU
		{CE125B3F-AD36-4EDD-B3D5-4CDBE430924A}.DebugAppleTls|iPhoneSimulator.Build.0 = Debug|Any CPU
		{BEC2B807-EF3B-4013-B828-B3BB2AC1620D}.Debug|iPhoneSimulator.ActiveCfg = Debug|Any CPU
		{BEC2B807-EF3B-4013-B828-B3BB2AC1620D}.Debug|iPhoneSimulator.Build.0 = Debug|Any CPU
		{BEC2B807-EF3B-4013-B828-B3BB2AC1620D}.Release|iPhone.ActiveCfg = Debug|Any CPU
		{BEC2B807-EF3B-4013-B828-B3BB2AC1620D}.Release|iPhone.Build.0 = Debug|Any CPU
		{BEC2B807-EF3B-4013-B828-B3BB2AC1620D}.Release|iPhoneSimulator.ActiveCfg = Debug|Any CPU
		{BEC2B807-EF3B-4013-B828-B3BB2AC1620D}.Release|iPhoneSimulator.Build.0 = Debug|Any CPU
		{BEC2B807-EF3B-4013-B828-B3BB2AC1620D}.Debug|iPhone.ActiveCfg = Debug|Any CPU
		{BEC2B807-EF3B-4013-B828-B3BB2AC1620D}.Debug|iPhone.Build.0 = Debug|Any CPU
		{BEC2B807-EF3B-4013-B828-B3BB2AC1620D}.DebugAppleTls|iPhoneSimulator.ActiveCfg = Debug|Any CPU
		{BEC2B807-EF3B-4013-B828-B3BB2AC1620D}.DebugAppleTls|iPhoneSimulator.Build.0 = Debug|Any CPU
		{E4815E18-CC75-4B35-BA03-46D01083B32E}.Debug|iPhoneSimulator.ActiveCfg = Debug|Any CPU
		{E4815E18-CC75-4B35-BA03-46D01083B32E}.Debug|iPhoneSimulator.Build.0 = Debug|Any CPU
		{E4815E18-CC75-4B35-BA03-46D01083B32E}.Release|iPhone.ActiveCfg = Release|Any CPU
		{E4815E18-CC75-4B35-BA03-46D01083B32E}.Release|iPhone.Build.0 = Release|Any CPU
		{E4815E18-CC75-4B35-BA03-46D01083B32E}.Release|iPhoneSimulator.ActiveCfg = Release|Any CPU
		{E4815E18-CC75-4B35-BA03-46D01083B32E}.Release|iPhoneSimulator.Build.0 = Release|Any CPU
		{E4815E18-CC75-4B35-BA03-46D01083B32E}.Debug|iPhone.ActiveCfg = Debug|Any CPU
		{E4815E18-CC75-4B35-BA03-46D01083B32E}.Debug|iPhone.Build.0 = Debug|Any CPU
		{E4815E18-CC75-4B35-BA03-46D01083B32E}.DebugAppleTls|iPhoneSimulator.ActiveCfg = DebugAppleTls|Any CPU
		{E4815E18-CC75-4B35-BA03-46D01083B32E}.DebugAppleTls|iPhoneSimulator.Build.0 = DebugAppleTls|Any CPU
		{E93E8622-665B-44D6-B36A-89C93B5B3532}.Debug|iPhoneSimulator.ActiveCfg = Debug|Any CPU
		{E93E8622-665B-44D6-B36A-89C93B5B3532}.Debug|iPhoneSimulator.Build.0 = Debug|Any CPU
		{E93E8622-665B-44D6-B36A-89C93B5B3532}.Release|iPhone.ActiveCfg = Debug|Any CPU
		{E93E8622-665B-44D6-B36A-89C93B5B3532}.Release|iPhone.Build.0 = Debug|Any CPU
		{E93E8622-665B-44D6-B36A-89C93B5B3532}.Release|iPhoneSimulator.ActiveCfg = Debug|Any CPU
		{E93E8622-665B-44D6-B36A-89C93B5B3532}.Release|iPhoneSimulator.Build.0 = Debug|Any CPU
		{E93E8622-665B-44D6-B36A-89C93B5B3532}.Debug|iPhone.ActiveCfg = Debug|Any CPU
		{E93E8622-665B-44D6-B36A-89C93B5B3532}.Debug|iPhone.Build.0 = Debug|Any CPU
		{E93E8622-665B-44D6-B36A-89C93B5B3532}.DebugAppleTls|iPhoneSimulator.ActiveCfg = Debug|Any CPU
		{E93E8622-665B-44D6-B36A-89C93B5B3532}.DebugAppleTls|iPhoneSimulator.Build.0 = Debug|Any CPU
		{85371459-6509-4D96-A95D-862399E0F0BE}.Debug|iPhoneSimulator.ActiveCfg = Debug|Any CPU
		{85371459-6509-4D96-A95D-862399E0F0BE}.Debug|iPhoneSimulator.Build.0 = Debug|Any CPU
		{85371459-6509-4D96-A95D-862399E0F0BE}.Release|iPhone.ActiveCfg = Release|Any CPU
		{85371459-6509-4D96-A95D-862399E0F0BE}.Release|iPhone.Build.0 = Release|Any CPU
		{85371459-6509-4D96-A95D-862399E0F0BE}.Release|iPhoneSimulator.ActiveCfg = Release|Any CPU
		{85371459-6509-4D96-A95D-862399E0F0BE}.Release|iPhoneSimulator.Build.0 = Release|Any CPU
		{85371459-6509-4D96-A95D-862399E0F0BE}.Debug|iPhone.ActiveCfg = Debug|Any CPU
		{85371459-6509-4D96-A95D-862399E0F0BE}.Debug|iPhone.Build.0 = Debug|Any CPU
		{85371459-6509-4D96-A95D-862399E0F0BE}.DebugAppleTls|iPhoneSimulator.ActiveCfg = Debug|Any CPU
		{85371459-6509-4D96-A95D-862399E0F0BE}.DebugAppleTls|iPhoneSimulator.Build.0 = Debug|Any CPU
		{FEB386DE-A89E-4F37-A6FD-7EB1B0A9303F}.Debug|iPhoneSimulator.ActiveCfg = Debug|Any CPU
		{FEB386DE-A89E-4F37-A6FD-7EB1B0A9303F}.Debug|iPhoneSimulator.Build.0 = Debug|Any CPU
		{FEB386DE-A89E-4F37-A6FD-7EB1B0A9303F}.Release|iPhone.ActiveCfg = Release|Any CPU
		{FEB386DE-A89E-4F37-A6FD-7EB1B0A9303F}.Release|iPhone.Build.0 = Release|Any CPU
		{FEB386DE-A89E-4F37-A6FD-7EB1B0A9303F}.Release|iPhoneSimulator.ActiveCfg = Release|Any CPU
		{FEB386DE-A89E-4F37-A6FD-7EB1B0A9303F}.Release|iPhoneSimulator.Build.0 = Release|Any CPU
		{FEB386DE-A89E-4F37-A6FD-7EB1B0A9303F}.Debug|iPhone.ActiveCfg = Debug|Any CPU
		{FEB386DE-A89E-4F37-A6FD-7EB1B0A9303F}.Debug|iPhone.Build.0 = Debug|Any CPU
		{FEB386DE-A89E-4F37-A6FD-7EB1B0A9303F}.DebugAppleTls|iPhoneSimulator.ActiveCfg = Debug|Any CPU
		{FEB386DE-A89E-4F37-A6FD-7EB1B0A9303F}.DebugAppleTls|iPhoneSimulator.Build.0 = Debug|Any CPU
		{93897065-5376-4961-A880-00311031D968}.Debug|iPhoneSimulator.ActiveCfg = Debug|Any CPU
		{93897065-5376-4961-A880-00311031D968}.Debug|iPhoneSimulator.Build.0 = Debug|Any CPU
		{93897065-5376-4961-A880-00311031D968}.Release|iPhone.ActiveCfg = Release|Any CPU
		{93897065-5376-4961-A880-00311031D968}.Release|iPhone.Build.0 = Release|Any CPU
		{93897065-5376-4961-A880-00311031D968}.Release|iPhoneSimulator.ActiveCfg = Release|Any CPU
		{93897065-5376-4961-A880-00311031D968}.Release|iPhoneSimulator.Build.0 = Release|Any CPU
		{93897065-5376-4961-A880-00311031D968}.Debug|iPhone.ActiveCfg = Debug|Any CPU
		{93897065-5376-4961-A880-00311031D968}.Debug|iPhone.Build.0 = Debug|Any CPU
		{93897065-5376-4961-A880-00311031D968}.DebugAppleTls|iPhoneSimulator.ActiveCfg = Debug|Any CPU
		{93897065-5376-4961-A880-00311031D968}.DebugAppleTls|iPhoneSimulator.Build.0 = Debug|Any CPU
		{B8CB90A7-E1E9-4104-8E9E-3954FC5FC0FC}.Debug|iPhoneSimulator.ActiveCfg = Debug|Any CPU
		{B8CB90A7-E1E9-4104-8E9E-3954FC5FC0FC}.Debug|iPhoneSimulator.Build.0 = Debug|Any CPU
		{B8CB90A7-E1E9-4104-8E9E-3954FC5FC0FC}.Release|iPhone.ActiveCfg = Release|Any CPU
		{B8CB90A7-E1E9-4104-8E9E-3954FC5FC0FC}.Release|iPhone.Build.0 = Release|Any CPU
		{B8CB90A7-E1E9-4104-8E9E-3954FC5FC0FC}.Release|iPhoneSimulator.ActiveCfg = Release|Any CPU
		{B8CB90A7-E1E9-4104-8E9E-3954FC5FC0FC}.Release|iPhoneSimulator.Build.0 = Release|Any CPU
		{B8CB90A7-E1E9-4104-8E9E-3954FC5FC0FC}.Debug|iPhone.ActiveCfg = Debug|Any CPU
		{B8CB90A7-E1E9-4104-8E9E-3954FC5FC0FC}.Debug|iPhone.Build.0 = Debug|Any CPU
		{B8CB90A7-E1E9-4104-8E9E-3954FC5FC0FC}.DebugAppleTls|iPhoneSimulator.ActiveCfg = Debug|Any CPU
		{B8CB90A7-E1E9-4104-8E9E-3954FC5FC0FC}.DebugAppleTls|iPhoneSimulator.Build.0 = Debug|Any CPU
		{468D3DF3-C54E-418C-B39C-3B2D20FDEA9D}.Debug|iPhoneSimulator.ActiveCfg = Debug|iPhoneSimulator
		{468D3DF3-C54E-418C-B39C-3B2D20FDEA9D}.Debug|iPhoneSimulator.Build.0 = Debug|iPhoneSimulator
		{468D3DF3-C54E-418C-B39C-3B2D20FDEA9D}.Release|iPhone.ActiveCfg = Release|iPhone
		{468D3DF3-C54E-418C-B39C-3B2D20FDEA9D}.Release|iPhone.Build.0 = Release|iPhone
		{468D3DF3-C54E-418C-B39C-3B2D20FDEA9D}.Release|iPhoneSimulator.ActiveCfg = Release|iPhoneSimulator
		{468D3DF3-C54E-418C-B39C-3B2D20FDEA9D}.Release|iPhoneSimulator.Build.0 = Release|iPhoneSimulator
		{468D3DF3-C54E-418C-B39C-3B2D20FDEA9D}.Debug|iPhone.ActiveCfg = Debug|iPhone
		{468D3DF3-C54E-418C-B39C-3B2D20FDEA9D}.Debug|iPhone.Build.0 = Debug|iPhone
		{468D3DF3-C54E-418C-B39C-3B2D20FDEA9D}.DebugAppleTls|iPhoneSimulator.ActiveCfg = DebugAppleTls|iPhoneSimulator
		{468D3DF3-C54E-418C-B39C-3B2D20FDEA9D}.DebugAppleTls|iPhoneSimulator.Build.0 = DebugAppleTls|iPhoneSimulator
		{68C3567C-A1C1-4A0A-94E9-60BA4BD5CC39}.Debug|iPhoneSimulator.ActiveCfg = Debug|Any CPU
		{68C3567C-A1C1-4A0A-94E9-60BA4BD5CC39}.Debug|iPhoneSimulator.Build.0 = Debug|Any CPU
		{68C3567C-A1C1-4A0A-94E9-60BA4BD5CC39}.Release|iPhone.ActiveCfg = Release|Any CPU
		{68C3567C-A1C1-4A0A-94E9-60BA4BD5CC39}.Release|iPhone.Build.0 = Release|Any CPU
		{68C3567C-A1C1-4A0A-94E9-60BA4BD5CC39}.Release|iPhoneSimulator.ActiveCfg = Release|Any CPU
		{68C3567C-A1C1-4A0A-94E9-60BA4BD5CC39}.Release|iPhoneSimulator.Build.0 = Release|Any CPU
		{68C3567C-A1C1-4A0A-94E9-60BA4BD5CC39}.Debug|iPhone.ActiveCfg = Debug|Any CPU
		{68C3567C-A1C1-4A0A-94E9-60BA4BD5CC39}.Debug|iPhone.Build.0 = Debug|Any CPU
		{68C3567C-A1C1-4A0A-94E9-60BA4BD5CC39}.DebugAppleTls|iPhoneSimulator.ActiveCfg = Debug|Any CPU
		{68C3567C-A1C1-4A0A-94E9-60BA4BD5CC39}.DebugAppleTls|iPhoneSimulator.Build.0 = Debug|Any CPU
		{8FA04E17-8E60-45C4-A9A7-51C5047CCABF}.Debug|iPhoneSimulator.ActiveCfg = Debug|Any CPU
		{8FA04E17-8E60-45C4-A9A7-51C5047CCABF}.Debug|iPhoneSimulator.Build.0 = Debug|Any CPU
		{8FA04E17-8E60-45C4-A9A7-51C5047CCABF}.Release|iPhone.ActiveCfg = Release|Any CPU
		{8FA04E17-8E60-45C4-A9A7-51C5047CCABF}.Release|iPhone.Build.0 = Release|Any CPU
		{8FA04E17-8E60-45C4-A9A7-51C5047CCABF}.Release|iPhoneSimulator.ActiveCfg = Release|Any CPU
		{8FA04E17-8E60-45C4-A9A7-51C5047CCABF}.Release|iPhoneSimulator.Build.0 = Release|Any CPU
		{8FA04E17-8E60-45C4-A9A7-51C5047CCABF}.Debug|iPhone.ActiveCfg = Debug|Any CPU
		{8FA04E17-8E60-45C4-A9A7-51C5047CCABF}.Debug|iPhone.Build.0 = Debug|Any CPU
		{8FA04E17-8E60-45C4-A9A7-51C5047CCABF}.DebugAppleTls|iPhoneSimulator.ActiveCfg = Debug|Any CPU
		{8FA04E17-8E60-45C4-A9A7-51C5047CCABF}.DebugAppleTls|iPhoneSimulator.Build.0 = Debug|Any CPU
	EndGlobalSection
EndGlobal
