
Microsoft Visual Studio Solution File, Format Version 11.00
# Visual Studio 2010
Project("{FAE04EC0-301F-11D3-BF4B-00C04F79EFBC}") = "Xamarin.AsyncTests.Framework", "Xamarin.AsyncTests.Framework\Xamarin.AsyncTests.Framework.csproj", "{BEC2B807-EF3B-4013-B828-B3BB2AC1620D}"
EndProject
Project("{FAE04EC0-301F-11D3-BF4B-00C04F79EFBC}") = "Xamarin.AsyncTests.Sample", "Xamarin.AsyncTests.Sample\Xamarin.AsyncTests.Sample.csproj", "{50F3B858-C105-4599-8B52-81372E172F47}"
EndProject
Project("{FAE04EC0-301F-11D3-BF4B-00C04F79EFBC}") = "Xamarin.AsyncTests.Console", "Xamarin.AsyncTests.Console\Xamarin.AsyncTests.Console.csproj", "{7FF093FE-C185-4BD9-9C56-F5EF8F8F2CBA}"
EndProject
Project("{FAE04EC0-301F-11D3-BF4B-00C04F79EFBC}") = "Xamarin.AsyncTests.UI", "Xamarin.AsyncTests.UI\Xamarin.AsyncTests.UI.csproj", "{4A28C314-01ED-43DD-A08E-8EB842E25294}"
EndProject
Project("{FAE04EC0-301F-11D3-BF4B-00C04F79EFBC}") = "Xamarin.AsyncTests.iOS", "Xamarin.AsyncTests.iOS\Xamarin.AsyncTests.iOS.csproj", "{D7CF5417-F032-4688-918C-D9C13466B2AB}"
EndProject
Project("{FAE04EC0-301F-11D3-BF4B-00C04F79EFBC}") = "Xamarin.AsyncTests.Android", "Xamarin.AsyncTests.Android\Xamarin.AsyncTests.Android.csproj", "{AB3CFCE3-EC77-4AD0-A11D-37754C21F56A}"
EndProject
Project("{FAE04EC0-301F-11D3-BF4B-00C04F79EFBC}") = "Xamarin.AsyncTests", "Xamarin.AsyncTests\Xamarin.AsyncTests.csproj", "{CE125B3F-AD36-4EDD-B3D5-4CDBE430924A}"
EndProject
Global
	GlobalSection(SolutionConfigurationPlatforms) = preSolution
		Debug|x86 = Debug|x86
		Release|x86 = Release|x86
		AppStore|x86 = AppStore|x86
		Debug|iPhoneSimulator = Debug|iPhoneSimulator
		Release|iPhoneSimulator = Release|iPhoneSimulator
		Debug|iPhone = Debug|iPhone
		Release|iPhone = Release|iPhone
		Ad-Hoc|iPhone = Ad-Hoc|iPhone
		AppStore|iPhone = AppStore|iPhone
	EndGlobalSection
	GlobalSection(ProjectConfigurationPlatforms) = postSolution
		{4A28C314-01ED-43DD-A08E-8EB842E25294}.Ad-Hoc|iPhone.ActiveCfg = Debug|Any CPU
		{4A28C314-01ED-43DD-A08E-8EB842E25294}.Ad-Hoc|iPhone.Build.0 = Debug|Any CPU
		{4A28C314-01ED-43DD-A08E-8EB842E25294}.AppStore|iPhone.ActiveCfg = Debug|Any CPU
		{4A28C314-01ED-43DD-A08E-8EB842E25294}.AppStore|iPhone.Build.0 = Debug|Any CPU
		{4A28C314-01ED-43DD-A08E-8EB842E25294}.AppStore|x86.ActiveCfg = Debug|Any CPU
		{4A28C314-01ED-43DD-A08E-8EB842E25294}.AppStore|x86.Build.0 = Debug|Any CPU
		{4A28C314-01ED-43DD-A08E-8EB842E25294}.Debug|iPhone.ActiveCfg = Debug|Any CPU
		{4A28C314-01ED-43DD-A08E-8EB842E25294}.Debug|iPhone.Build.0 = Debug|Any CPU
		{4A28C314-01ED-43DD-A08E-8EB842E25294}.Debug|iPhoneSimulator.ActiveCfg = Debug|Any CPU
		{4A28C314-01ED-43DD-A08E-8EB842E25294}.Debug|iPhoneSimulator.Build.0 = Debug|Any CPU
		{4A28C314-01ED-43DD-A08E-8EB842E25294}.Debug|x86.ActiveCfg = Debug|Any CPU
		{4A28C314-01ED-43DD-A08E-8EB842E25294}.Debug|x86.Build.0 = Debug|Any CPU
		{4A28C314-01ED-43DD-A08E-8EB842E25294}.Release|iPhone.ActiveCfg = Release|Any CPU
		{4A28C314-01ED-43DD-A08E-8EB842E25294}.Release|iPhone.Build.0 = Release|Any CPU
		{4A28C314-01ED-43DD-A08E-8EB842E25294}.Release|iPhoneSimulator.ActiveCfg = Release|Any CPU
		{4A28C314-01ED-43DD-A08E-8EB842E25294}.Release|iPhoneSimulator.Build.0 = Release|Any CPU
		{4A28C314-01ED-43DD-A08E-8EB842E25294}.Release|x86.ActiveCfg = Release|Any CPU
		{4A28C314-01ED-43DD-A08E-8EB842E25294}.Release|x86.Build.0 = Release|Any CPU
		{50F3B858-C105-4599-8B52-81372E172F47}.Ad-Hoc|iPhone.ActiveCfg = Debug|Any CPU
		{50F3B858-C105-4599-8B52-81372E172F47}.Ad-Hoc|iPhone.Build.0 = Debug|Any CPU
		{50F3B858-C105-4599-8B52-81372E172F47}.AppStore|iPhone.ActiveCfg = Debug|Any CPU
		{50F3B858-C105-4599-8B52-81372E172F47}.AppStore|iPhone.Build.0 = Debug|Any CPU
		{50F3B858-C105-4599-8B52-81372E172F47}.AppStore|x86.ActiveCfg = Debug|Any CPU
		{50F3B858-C105-4599-8B52-81372E172F47}.AppStore|x86.Build.0 = Debug|Any CPU
		{50F3B858-C105-4599-8B52-81372E172F47}.Debug|iPhone.ActiveCfg = Debug|Any CPU
		{50F3B858-C105-4599-8B52-81372E172F47}.Debug|iPhone.Build.0 = Debug|Any CPU
		{50F3B858-C105-4599-8B52-81372E172F47}.Debug|iPhoneSimulator.ActiveCfg = Debug|Any CPU
		{50F3B858-C105-4599-8B52-81372E172F47}.Debug|iPhoneSimulator.Build.0 = Debug|Any CPU
		{50F3B858-C105-4599-8B52-81372E172F47}.Debug|x86.ActiveCfg = Debug|Any CPU
		{50F3B858-C105-4599-8B52-81372E172F47}.Debug|x86.Build.0 = Debug|Any CPU
		{50F3B858-C105-4599-8B52-81372E172F47}.Release|iPhone.ActiveCfg = Release|Any CPU
		{50F3B858-C105-4599-8B52-81372E172F47}.Release|iPhone.Build.0 = Release|Any CPU
		{50F3B858-C105-4599-8B52-81372E172F47}.Release|iPhoneSimulator.ActiveCfg = Release|Any CPU
		{50F3B858-C105-4599-8B52-81372E172F47}.Release|iPhoneSimulator.Build.0 = Release|Any CPU
		{50F3B858-C105-4599-8B52-81372E172F47}.Release|x86.ActiveCfg = Release|Any CPU
		{50F3B858-C105-4599-8B52-81372E172F47}.Release|x86.Build.0 = Release|Any CPU
		{7FF093FE-C185-4BD9-9C56-F5EF8F8F2CBA}.Ad-Hoc|iPhone.ActiveCfg = Debug|x86
		{7FF093FE-C185-4BD9-9C56-F5EF8F8F2CBA}.Ad-Hoc|iPhone.Build.0 = Debug|x86
		{7FF093FE-C185-4BD9-9C56-F5EF8F8F2CBA}.AppStore|iPhone.ActiveCfg = Debug|x86
		{7FF093FE-C185-4BD9-9C56-F5EF8F8F2CBA}.AppStore|iPhone.Build.0 = Debug|x86
		{7FF093FE-C185-4BD9-9C56-F5EF8F8F2CBA}.AppStore|x86.ActiveCfg = Debug|x86
		{7FF093FE-C185-4BD9-9C56-F5EF8F8F2CBA}.AppStore|x86.Build.0 = Debug|x86
		{7FF093FE-C185-4BD9-9C56-F5EF8F8F2CBA}.Debug|iPhone.ActiveCfg = Debug|x86
		{7FF093FE-C185-4BD9-9C56-F5EF8F8F2CBA}.Debug|iPhone.Build.0 = Debug|x86
		{7FF093FE-C185-4BD9-9C56-F5EF8F8F2CBA}.Debug|iPhoneSimulator.ActiveCfg = Debug|x86
		{7FF093FE-C185-4BD9-9C56-F5EF8F8F2CBA}.Debug|iPhoneSimulator.Build.0 = Debug|x86
		{7FF093FE-C185-4BD9-9C56-F5EF8F8F2CBA}.Debug|x86.ActiveCfg = Debug|x86
		{7FF093FE-C185-4BD9-9C56-F5EF8F8F2CBA}.Debug|x86.Build.0 = Debug|x86
		{7FF093FE-C185-4BD9-9C56-F5EF8F8F2CBA}.Release|iPhone.ActiveCfg = Release|x86
		{7FF093FE-C185-4BD9-9C56-F5EF8F8F2CBA}.Release|iPhone.Build.0 = Release|x86
		{7FF093FE-C185-4BD9-9C56-F5EF8F8F2CBA}.Release|iPhoneSimulator.ActiveCfg = Release|x86
		{7FF093FE-C185-4BD9-9C56-F5EF8F8F2CBA}.Release|iPhoneSimulator.Build.0 = Release|x86
		{7FF093FE-C185-4BD9-9C56-F5EF8F8F2CBA}.Release|x86.ActiveCfg = Release|x86
		{7FF093FE-C185-4BD9-9C56-F5EF8F8F2CBA}.Release|x86.Build.0 = Release|x86
		{AB3CFCE3-EC77-4AD0-A11D-37754C21F56A}.Ad-Hoc|iPhone.ActiveCfg = Debug|Any CPU
		{AB3CFCE3-EC77-4AD0-A11D-37754C21F56A}.Ad-Hoc|iPhone.Build.0 = Debug|Any CPU
		{AB3CFCE3-EC77-4AD0-A11D-37754C21F56A}.AppStore|iPhone.ActiveCfg = Debug|Any CPU
		{AB3CFCE3-EC77-4AD0-A11D-37754C21F56A}.AppStore|iPhone.Build.0 = Debug|Any CPU
		{AB3CFCE3-EC77-4AD0-A11D-37754C21F56A}.AppStore|x86.ActiveCfg = Debug|Any CPU
		{AB3CFCE3-EC77-4AD0-A11D-37754C21F56A}.AppStore|x86.Build.0 = Debug|Any CPU
		{AB3CFCE3-EC77-4AD0-A11D-37754C21F56A}.Debug|iPhone.ActiveCfg = Debug|Any CPU
		{AB3CFCE3-EC77-4AD0-A11D-37754C21F56A}.Debug|iPhone.Build.0 = Debug|Any CPU
		{AB3CFCE3-EC77-4AD0-A11D-37754C21F56A}.Debug|iPhoneSimulator.ActiveCfg = Debug|Any CPU
		{AB3CFCE3-EC77-4AD0-A11D-37754C21F56A}.Debug|iPhoneSimulator.Build.0 = Debug|Any CPU
		{AB3CFCE3-EC77-4AD0-A11D-37754C21F56A}.Debug|x86.ActiveCfg = Debug|Any CPU
		{AB3CFCE3-EC77-4AD0-A11D-37754C21F56A}.Debug|x86.Build.0 = Debug|Any CPU
		{AB3CFCE3-EC77-4AD0-A11D-37754C21F56A}.Release|iPhone.ActiveCfg = Release|Any CPU
		{AB3CFCE3-EC77-4AD0-A11D-37754C21F56A}.Release|iPhone.Build.0 = Release|Any CPU
		{AB3CFCE3-EC77-4AD0-A11D-37754C21F56A}.Release|iPhoneSimulator.ActiveCfg = Release|Any CPU
		{AB3CFCE3-EC77-4AD0-A11D-37754C21F56A}.Release|iPhoneSimulator.Build.0 = Release|Any CPU
		{AB3CFCE3-EC77-4AD0-A11D-37754C21F56A}.Release|x86.ActiveCfg = Release|Any CPU
		{AB3CFCE3-EC77-4AD0-A11D-37754C21F56A}.Release|x86.Build.0 = Release|Any CPU
		{BEC2B807-EF3B-4013-B828-B3BB2AC1620D}.Ad-Hoc|iPhone.ActiveCfg = Debug|Any CPU
		{BEC2B807-EF3B-4013-B828-B3BB2AC1620D}.Ad-Hoc|iPhone.Build.0 = Debug|Any CPU
		{BEC2B807-EF3B-4013-B828-B3BB2AC1620D}.AppStore|iPhone.ActiveCfg = Debug|Any CPU
		{BEC2B807-EF3B-4013-B828-B3BB2AC1620D}.AppStore|iPhone.Build.0 = Debug|Any CPU
		{BEC2B807-EF3B-4013-B828-B3BB2AC1620D}.AppStore|x86.ActiveCfg = Debug|x86
		{BEC2B807-EF3B-4013-B828-B3BB2AC1620D}.AppStore|x86.Build.0 = Debug|x86
		{BEC2B807-EF3B-4013-B828-B3BB2AC1620D}.Debug|iPhone.ActiveCfg = Debug|Any CPU
		{BEC2B807-EF3B-4013-B828-B3BB2AC1620D}.Debug|iPhone.Build.0 = Debug|Any CPU
		{BEC2B807-EF3B-4013-B828-B3BB2AC1620D}.Debug|iPhoneSimulator.ActiveCfg = Debug|Any CPU
		{BEC2B807-EF3B-4013-B828-B3BB2AC1620D}.Debug|iPhoneSimulator.Build.0 = Debug|Any CPU
		{BEC2B807-EF3B-4013-B828-B3BB2AC1620D}.Debug|x86.ActiveCfg = Debug|Any CPU
		{BEC2B807-EF3B-4013-B828-B3BB2AC1620D}.Debug|x86.Build.0 = Debug|Any CPU
		{BEC2B807-EF3B-4013-B828-B3BB2AC1620D}.Release|iPhone.ActiveCfg = Debug|Any CPU
		{BEC2B807-EF3B-4013-B828-B3BB2AC1620D}.Release|iPhone.Build.0 = Debug|Any CPU
		{BEC2B807-EF3B-4013-B828-B3BB2AC1620D}.Release|iPhoneSimulator.ActiveCfg = Debug|Any CPU
		{BEC2B807-EF3B-4013-B828-B3BB2AC1620D}.Release|iPhoneSimulator.Build.0 = Debug|Any CPU
		{BEC2B807-EF3B-4013-B828-B3BB2AC1620D}.Release|x86.ActiveCfg = Debug|x86
		{BEC2B807-EF3B-4013-B828-B3BB2AC1620D}.Release|x86.Build.0 = Debug|x86
		{CE125B3F-AD36-4EDD-B3D5-4CDBE430924A}.Ad-Hoc|iPhone.ActiveCfg = Release|Any CPU
		{CE125B3F-AD36-4EDD-B3D5-4CDBE430924A}.Ad-Hoc|iPhone.Build.0 = Release|Any CPU
		{CE125B3F-AD36-4EDD-B3D5-4CDBE430924A}.AppStore|iPhone.ActiveCfg = Release|Any CPU
		{CE125B3F-AD36-4EDD-B3D5-4CDBE430924A}.AppStore|iPhone.Build.0 = Release|Any CPU
		{CE125B3F-AD36-4EDD-B3D5-4CDBE430924A}.AppStore|x86.ActiveCfg = Release|Any CPU
		{CE125B3F-AD36-4EDD-B3D5-4CDBE430924A}.AppStore|x86.Build.0 = Release|Any CPU
		{CE125B3F-AD36-4EDD-B3D5-4CDBE430924A}.Debug|iPhone.ActiveCfg = Debug|Any CPU
		{CE125B3F-AD36-4EDD-B3D5-4CDBE430924A}.Debug|iPhone.Build.0 = Debug|Any CPU
		{CE125B3F-AD36-4EDD-B3D5-4CDBE430924A}.Debug|iPhoneSimulator.ActiveCfg = Debug|Any CPU
		{CE125B3F-AD36-4EDD-B3D5-4CDBE430924A}.Debug|iPhoneSimulator.Build.0 = Debug|Any CPU
		{CE125B3F-AD36-4EDD-B3D5-4CDBE430924A}.Debug|x86.ActiveCfg = Debug|Any CPU
		{CE125B3F-AD36-4EDD-B3D5-4CDBE430924A}.Debug|x86.Build.0 = Debug|Any CPU
		{CE125B3F-AD36-4EDD-B3D5-4CDBE430924A}.Release|iPhone.ActiveCfg = Release|Any CPU
		{CE125B3F-AD36-4EDD-B3D5-4CDBE430924A}.Release|iPhone.Build.0 = Release|Any CPU
		{CE125B3F-AD36-4EDD-B3D5-4CDBE430924A}.Release|iPhoneSimulator.ActiveCfg = Release|Any CPU
		{CE125B3F-AD36-4EDD-B3D5-4CDBE430924A}.Release|iPhoneSimulator.Build.0 = Release|Any CPU
		{CE125B3F-AD36-4EDD-B3D5-4CDBE430924A}.Release|x86.ActiveCfg = Release|Any CPU
		{CE125B3F-AD36-4EDD-B3D5-4CDBE430924A}.Release|x86.Build.0 = Release|Any CPU
		{D7CF5417-F032-4688-918C-D9C13466B2AB}.Ad-Hoc|iPhone.ActiveCfg = Ad-Hoc|iPhone
		{D7CF5417-F032-4688-918C-D9C13466B2AB}.Ad-Hoc|iPhone.Build.0 = Ad-Hoc|iPhone
		{D7CF5417-F032-4688-918C-D9C13466B2AB}.AppStore|iPhone.ActiveCfg = AppStore|iPhone
		{D7CF5417-F032-4688-918C-D9C13466B2AB}.AppStore|iPhone.Build.0 = AppStore|iPhone
		{D7CF5417-F032-4688-918C-D9C13466B2AB}.AppStore|x86.ActiveCfg = AppStore|iPhone
		{D7CF5417-F032-4688-918C-D9C13466B2AB}.AppStore|x86.Build.0 = AppStore|iPhone
		{D7CF5417-F032-4688-918C-D9C13466B2AB}.Debug|iPhone.ActiveCfg = Debug|iPhone
		{D7CF5417-F032-4688-918C-D9C13466B2AB}.Debug|iPhone.Build.0 = Debug|iPhone
		{D7CF5417-F032-4688-918C-D9C13466B2AB}.Debug|iPhoneSimulator.ActiveCfg = Debug|iPhoneSimulator
		{D7CF5417-F032-4688-918C-D9C13466B2AB}.Debug|iPhoneSimulator.Build.0 = Debug|iPhoneSimulator
		{D7CF5417-F032-4688-918C-D9C13466B2AB}.Debug|x86.ActiveCfg = Debug|iPhoneSimulator
		{D7CF5417-F032-4688-918C-D9C13466B2AB}.Debug|x86.Build.0 = Debug|iPhoneSimulator
		{D7CF5417-F032-4688-918C-D9C13466B2AB}.Release|iPhone.ActiveCfg = Release|iPhone
		{D7CF5417-F032-4688-918C-D9C13466B2AB}.Release|iPhone.Build.0 = Release|iPhone
		{D7CF5417-F032-4688-918C-D9C13466B2AB}.Release|iPhoneSimulator.ActiveCfg = Release|iPhoneSimulator
		{D7CF5417-F032-4688-918C-D9C13466B2AB}.Release|iPhoneSimulator.Build.0 = Release|iPhoneSimulator
		{D7CF5417-F032-4688-918C-D9C13466B2AB}.Release|x86.ActiveCfg = Release|iPhoneSimulator
		{D7CF5417-F032-4688-918C-D9C13466B2AB}.Release|x86.Build.0 = Release|iPhoneSimulator
	EndGlobalSection
	GlobalSection(MonoDevelopProperties) = preSolution
		StartupItem = Xamarin.AsyncTests.iOS\Xamarin.AsyncTests.iOS.csproj
	EndGlobalSection
EndGlobal
