
Microsoft Visual Studio Solution File, Format Version 12.00
# Visual Studio 2012
Project("{FAE04EC0-301F-11D3-BF4B-00C04F79EFBC}") = "AutoProvisionTool", "AutoProvisionTool.csproj", "{FB06ED0E-056C-4897-9603-C70371B895D4}"
EndProject
Global
	GlobalSection(SolutionConfigurationPlatforms) = preSolution
		Debug|x86 = Debug|x86
		Release|x86 = Release|x86
	EndGlobalSection
	GlobalSection(ProjectConfigurationPlatforms) = postSolution
		{FB06ED0E-056C-4897-9603-C70371B895D4}.Debug|x86.ActiveCfg = Debug|x86
		{FB06ED0E-056C-4897-9603-C70371B895D4}.Debug|x86.Build.0 = Debug|x86
		{FB06ED0E-056C-4897-9603-C70371B895D4}.Release|x86.ActiveCfg = Release|x86
		{FB06ED0E-056C-4897-9603-C70371B895D4}.Release|x86.Build.0 = Release|x86
	EndGlobalSection
EndGlobal
